{
  "object": {
    "pins": [
      {
        "package": "Down",
        "repositoryURL": "https://github.com/johnxnguyen/Down.git",
        "state": {
          "branch": "master",
          "revision": "2524b6247081451083f82d64f1a6d3eb95468870",
          "version": null
        }
      }
    ]
  },
  "version": 1
}
