{
  "object": {
    "pins": [
      {
        "package": "Sourceful",
        "repositoryURL": "https://github.com/twostraws/Sourceful",
        "state": {
          "branch": null,
          "revision": "442989f8e9d290f9c3b893d907a90937b80870c3",
          "version": "0.3.0"
        }
      }
    ]
  },
  "version": 1
}
