// !$*UTF8*$!
{
	archiveVersion = 1;
	classes = {
	};
	objectVersion = 56;
	objects = {

/* Begin PBXBuildFile section */
		B25EC5AE2900818B00D5722E /* editorApp.swift in Sources */ = {isa = PBXBuildFile; fileRef = B25EC5AD2900818B00D5722E /* editorApp.swift */; };
		B25EC5B02900818B00D5722E /* ContentView.swift in Sources */ = {isa = PBXBuildFile; fileRef = B25EC5AF2900818B00D5722E /* ContentView.swift */; };
		B25EC5B22900818C00D5722E /* Assets.xcassets in Resources */ = {isa = PBXBuildFile; fileRef = B25EC5B12900818C00D5722E /* Assets.xcassets */; };
		B25EC5DA290086E300D5722E /* MetalEditor.swift in Sources */ = {isa = PBXBuildFile; fileRef = B25EC5D9290086E300D5722E /* MetalEditor.swift */; };
		B29FC539292EB35200943A97 /* libegui_editor.a in Frameworks */ = {isa = PBXBuildFile; fileRef = B29FC536292EB26600943A97 /* libegui_editor.a */; };
		B29FC53B2936ADC700943A97 /* CustomMTK.swift in Sources */ = {isa = PBXBuildFile; fileRef = B29FC53A2936ADC700943A97 /* CustomMTK.swift */; };
/* End PBXBuildFile section */

/* Begin PBXFileReference section */
		B232E8352904AE950089376A /* liblibegui.a */ = {isa = PBXFileReference; lastKnownFileType = archive.ar; name = liblibegui.a; path = "../../egui/target/aarch64-apple-darwin/debug/liblibegui.a"; sourceTree = "<group>"; };
		B232E8372904B03F0089376A /* libegui.a */ = {isa = PBXFileReference; lastKnownFileType = archive.ar; name = libegui.a; path = "../../egui/target/aarch64-apple-darwin/debug/libegui.a"; sourceTree = "<group>"; };
		B232E8382904B05C0089376A /* libegui.a */ = {isa = PBXFileReference; lastKnownFileType = archive.ar; name = libegui.a; path = "../../egui/target/x86_64-apple-darwin/debug/libegui.a"; sourceTree = "<group>"; };
		B25EC5AA2900818B00D5722E /* editor.app */ = {isa = PBXFileReference; explicitFileType = wrapper.application; includeInIndex = 0; path = editor.app; sourceTree = BUILT_PRODUCTS_DIR; };
		B25EC5AD2900818B00D5722E /* editorApp.swift */ = {isa = PBXFileReference; lastKnownFileType = sourcecode.swift; path = editorApp.swift; sourceTree = "<group>"; };
		B25EC5AF2900818B00D5722E /* ContentView.swift */ = {isa = PBXFileReference; lastKnownFileType = sourcecode.swift; path = ContentView.swift; sourceTree = "<group>"; };
		B25EC5B12900818C00D5722E /* Assets.xcassets */ = {isa = PBXFileReference; lastKnownFileType = folder.assetcatalog; path = Assets.xcassets; sourceTree = "<group>"; };
		B25EC5B32900818C00D5722E /* editor.entitlements */ = {isa = PBXFileReference; lastKnownFileType = text.plist.entitlements; path = editor.entitlements; sourceTree = "<group>"; };
		B25EC5D9290086E300D5722E /* MetalEditor.swift */ = {isa = PBXFileReference; lastKnownFileType = sourcecode.swift; path = MetalEditor.swift; sourceTree = "<group>"; };
		B26D7466295E15BD00F0667C /* Package.swift */ = {isa = PBXFileReference; fileEncoding = 4; lastKnownFileType = sourcecode.swift; path = Package.swift; sourceTree = "<group>"; };
		B27A2C802905B9AF0028EF6B /* libegui.a */ = {isa = PBXFileReference; lastKnownFileType = archive.ar; name = libegui.a; path = "egui/target/aarch64-apple-darwin/debug/libegui.a"; sourceTree = "<group>"; };
		B29FC535292EB22600943A97 /* aarch64-apple-darwin */ = {isa = PBXFileReference; lastKnownFileType = folder; name = "aarch64-apple-darwin"; path = "egui_editor/target/aarch64-apple-darwin"; sourceTree = "<group>"; };
		B29FC536292EB26600943A97 /* libegui_editor.a */ = {isa = PBXFileReference; lastKnownFileType = archive.ar; name = libegui_editor.a; path = "egui_editor/target/aarch64-apple-darwin/debug/libegui_editor.a"; sourceTree = "<group>"; };
		B29FC538292EB32E00943A97 /* debug */ = {isa = PBXFileReference; lastKnownFileType = folder; name = debug; path = "egui_editor/target/aarch64-apple-darwin/debug"; sourceTree = "<group>"; };
		B29FC53A2936ADC700943A97 /* CustomMTK.swift */ = {isa = PBXFileReference; lastKnownFileType = sourcecode.swift; path = CustomMTK.swift; sourceTree = "<group>"; };
		B2FB2CF5295E36120011BAAB /* bridge.h */ = {isa = PBXFileReference; lastKnownFileType = sourcecode.c.h; path = bridge.h; sourceTree = "<group>"; };
		B2FB2CF6295E364E0011BAAB /* bridge.c */ = {isa = PBXFileReference; lastKnownFileType = sourcecode.c.c; path = bridge.c; sourceTree = "<group>"; };
/* End PBXFileReference section */

/* Begin PBXFrameworksBuildPhase section */
		B25EC5A72900818B00D5722E /* Frameworks */ = {
			isa = PBXFrameworksBuildPhase;
			buildActionMask = 2147483647;
			files = (
				B29FC539292EB35200943A97 /* libegui_editor.a in Frameworks */,
			);
			runOnlyForDeploymentPostprocessing = 0;
		};
/* End PBXFrameworksBuildPhase section */

/* Begin PBXGroup section */
		B232E8342904AE950089376A /* Frameworks */ = {
			isa = PBXGroup;
			children = (
				B29FC538292EB32E00943A97 /* debug */,
				B29FC536292EB26600943A97 /* libegui_editor.a */,
				B29FC535292EB22600943A97 /* aarch64-apple-darwin */,
				B232E8372904B03F0089376A /* libegui.a */,
				B232E8382904B05C0089376A /* libegui.a */,
				B27A2C802905B9AF0028EF6B /* libegui.a */,
				B232E8352904AE950089376A /* liblibegui.a */,
			);
			name = Frameworks;
			sourceTree = "<group>";
		};
		B25EC5A12900818B00D5722E = {
			isa = PBXGroup;
			children = (
				B25EC5D82900869100D5722E /* Editor */,
				B25EC5AC2900818B00D5722E /* ExampleApp */,
				B25EC5AB2900818B00D5722E /* Products */,
				B232E8342904AE950089376A /* Frameworks */,
			);
			sourceTree = "<group>";
		};
		B25EC5AB2900818B00D5722E /* Products */ = {
			isa = PBXGroup;
			children = (
				B25EC5AA2900818B00D5722E /* editor.app */,
			);
			name = Products;
			sourceTree = "<group>";
		};
		B25EC5AC2900818B00D5722E /* ExampleApp */ = {
			isa = PBXGroup;
			children = (
				B25EC5AD2900818B00D5722E /* editorApp.swift */,
				B25EC5AF2900818B00D5722E /* ContentView.swift */,
				B25EC5B12900818C00D5722E /* Assets.xcassets */,
			);
			path = ExampleApp;
			sourceTree = "<group>";
		};
		B25EC5D82900869100D5722E /* Editor */ = {
			isa = PBXGroup;
			children = (
				B2FB2CF4295E35FF0011BAAB /* Bridge */,
				B26D7466295E15BD00F0667C /* Package.swift */,
				B25EC5B32900818C00D5722E /* editor.entitlements */,
				B25EC5D9290086E300D5722E /* MetalEditor.swift */,
				B29FC53A2936ADC700943A97 /* CustomMTK.swift */,
			);
			path = Editor;
			sourceTree = "<group>";
		};
		B2FB2CF4295E35FF0011BAAB /* Bridge */ = {
			isa = PBXGroup;
			children = (
				B2FB2CF5295E36120011BAAB /* bridge.h */,
				B2FB2CF6295E364E0011BAAB /* bridge.c */,
			);
			path = Bridge;
			sourceTree = "<group>";
		};
/* End PBXGroup section */

/* Begin PBXNativeTarget section */
		B25EC5A92900818B00D5722E /* editor */ = {
			isa = PBXNativeTarget;
			buildConfigurationList = B25EC5CF2900818D00D5722E /* Build configuration list for PBXNativeTarget "editor" */;
			buildPhases = (
				B25EC5A62900818B00D5722E /* Sources */,
				B25EC5A72900818B00D5722E /* Frameworks */,
				B25EC5A82900818B00D5722E /* Resources */,
			);
			buildRules = (
			);
			dependencies = (
			);
			name = editor;
			productName = editor;
			productReference = B25EC5AA2900818B00D5722E /* editor.app */;
			productType = "com.apple.product-type.application";
		};
/* End PBXNativeTarget section */

/* Begin PBXProject section */
		B25EC5A22900818B00D5722E /* Project object */ = {
			isa = PBXProject;
			attributes = {
				BuildIndependentTargetsInParallel = 1;
				LastSwiftUpdateCheck = 1400;
				LastUpgradeCheck = 1400;
				TargetAttributes = {
					B25EC5A92900818B00D5722E = {
						CreatedOnToolsVersion = 14.0.1;
					};
				};
			};
			buildConfigurationList = B25EC5A52900818B00D5722E /* Build configuration list for PBXProject "editor" */;
			compatibilityVersion = "Xcode 14.0";
			developmentRegion = en;
			hasScannedForEncodings = 0;
			knownRegions = (
				en,
				Base,
			);
			mainGroup = B25EC5A12900818B00D5722E;
			productRefGroup = B25EC5AB2900818B00D5722E /* Products */;
			projectDirPath = "";
			projectRoot = "";
			targets = (
				B25EC5A92900818B00D5722E /* editor */,
			);
		};
/* End PBXProject section */

/* Begin PBXResourcesBuildPhase section */
		B25EC5A82900818B00D5722E /* Resources */ = {
			isa = PBXResourcesBuildPhase;
			buildActionMask = 2147483647;
			files = (
				B25EC5B22900818C00D5722E /* Assets.xcassets in Resources */,
			);
			runOnlyForDeploymentPostprocessing = 0;
		};
/* End PBXResourcesBuildPhase section */

/* Begin PBXSourcesBuildPhase section */
		B25EC5A62900818B00D5722E /* Sources */ = {
			isa = PBXSourcesBuildPhase;
			buildActionMask = 2147483647;
			files = (
				B25EC5B02900818B00D5722E /* ContentView.swift in Sources */,
				B29FC53B2936ADC700943A97 /* CustomMTK.swift in Sources */,
				B25EC5DA290086E300D5722E /* MetalEditor.swift in Sources */,
				B25EC5AE2900818B00D5722E /* editorApp.swift in Sources */,
			);
			runOnlyForDeploymentPostprocessing = 0;
		};
/* End PBXSourcesBuildPhase section */

/* Begin XCBuildConfiguration section */
		B25EC5CD2900818D00D5722E /* Debug */ = {
			isa = XCBuildConfiguration;
			buildSettings = {
				ALWAYS_SEARCH_USER_PATHS = NO;
				CLANG_ANALYZER_NONNULL = YES;
				CLANG_ANALYZER_NUMBER_OBJECT_CONVERSION = YES_AGGRESSIVE;
				CLANG_CXX_LANGUAGE_STANDARD = "gnu++20";
				CLANG_ENABLE_MODULES = YES;
				CLANG_ENABLE_OBJC_ARC = YES;
				CLANG_ENABLE_OBJC_WEAK = YES;
				CLANG_WARN_BLOCK_CAPTURE_AUTORELEASING = YES;
				CLANG_WARN_BOOL_CONVERSION = YES;
				CLANG_WARN_COMMA = YES;
				CLANG_WARN_CONSTANT_CONVERSION = YES;
				CLANG_WARN_DEPRECATED_OBJC_IMPLEMENTATIONS = YES;
				CLANG_WARN_DIRECT_OBJC_ISA_USAGE = YES_ERROR;
				CLANG_WARN_DOCUMENTATION_COMMENTS = YES;
				CLANG_WARN_EMPTY_BODY = YES;
				CLANG_WARN_ENUM_CONVERSION = YES;
				CLANG_WARN_INFINITE_RECURSION = YES;
				CLANG_WARN_INT_CONVERSION = YES;
				CLANG_WARN_NON_LITERAL_NULL_CONVERSION = YES;
				CLANG_WARN_OBJC_IMPLICIT_RETAIN_SELF = YES;
				CLANG_WARN_OBJC_LITERAL_CONVERSION = YES;
				CLANG_WARN_OBJC_ROOT_CLASS = YES_ERROR;
				CLANG_WARN_QUOTED_INCLUDE_IN_FRAMEWORK_HEADER = YES;
				CLANG_WARN_RANGE_LOOP_ANALYSIS = YES;
				CLANG_WARN_STRICT_PROTOTYPES = YES;
				CLANG_WARN_SUSPICIOUS_MOVE = YES;
				CLANG_WARN_UNGUARDED_AVAILABILITY = YES_AGGRESSIVE;
				CLANG_WARN_UNREACHABLE_CODE = YES;
				CLANG_WARN__DUPLICATE_METHOD_MATCH = YES;
				COPY_PHASE_STRIP = NO;
				DEBUG_INFORMATION_FORMAT = dwarf;
				ENABLE_STRICT_OBJC_MSGSEND = YES;
				ENABLE_TESTABILITY = YES;
				GCC_C_LANGUAGE_STANDARD = gnu11;
				GCC_DYNAMIC_NO_PIC = NO;
				GCC_NO_COMMON_BLOCKS = YES;
				GCC_OPTIMIZATION_LEVEL = 0;
				GCC_PREPROCESSOR_DEFINITIONS = (
					"DEBUG=1",
					"$(inherited)",
				);
				GCC_WARN_64_TO_32_BIT_CONVERSION = YES;
				GCC_WARN_ABOUT_RETURN_TYPE = YES_ERROR;
				GCC_WARN_UNDECLARED_SELECTOR = YES;
				GCC_WARN_UNINITIALIZED_AUTOS = YES_AGGRESSIVE;
				GCC_WARN_UNUSED_FUNCTION = YES;
				GCC_WARN_UNUSED_VARIABLE = YES;
				MTL_ENABLE_DEBUG_INFO = INCLUDE_SOURCE;
				MTL_FAST_MATH = YES;
				ONLY_ACTIVE_ARCH = YES;
				SWIFT_ACTIVE_COMPILATION_CONDITIONS = DEBUG;
				SWIFT_OPTIMIZATION_LEVEL = "-Onone";
			};
			name = Debug;
		};
		B25EC5CE2900818D00D5722E /* Release */ = {
			isa = XCBuildConfiguration;
			buildSettings = {
				ALWAYS_SEARCH_USER_PATHS = NO;
				CLANG_ANALYZER_NONNULL = YES;
				CLANG_ANALYZER_NUMBER_OBJECT_CONVERSION = YES_AGGRESSIVE;
				CLANG_CXX_LANGUAGE_STANDARD = "gnu++20";
				CLANG_ENABLE_MODULES = YES;
				CLANG_ENABLE_OBJC_ARC = YES;
				CLANG_ENABLE_OBJC_WEAK = YES;
				CLANG_WARN_BLOCK_CAPTURE_AUTORELEASING = YES;
				CLANG_WARN_BOOL_CONVERSION = YES;
				CLANG_WARN_COMMA = YES;
				CLANG_WARN_CONSTANT_CONVERSION = YES;
				CLANG_WARN_DEPRECATED_OBJC_IMPLEMENTATIONS = YES;
				CLANG_WARN_DIRECT_OBJC_ISA_USAGE = YES_ERROR;
				CLANG_WARN_DOCUMENTATION_COMMENTS = YES;
				CLANG_WARN_EMPTY_BODY = YES;
				CLANG_WARN_ENUM_CONVERSION = YES;
				CLANG_WARN_INFINITE_RECURSION = YES;
				CLANG_WARN_INT_CONVERSION = YES;
				CLANG_WARN_NON_LITERAL_NULL_CONVERSION = YES;
				CLANG_WARN_OBJC_IMPLICIT_RETAIN_SELF = YES;
				CLANG_WARN_OBJC_LITERAL_CONVERSION = YES;
				CLANG_WARN_OBJC_ROOT_CLASS = YES_ERROR;
				CLANG_WARN_QUOTED_INCLUDE_IN_FRAMEWORK_HEADER = YES;
				CLANG_WARN_RANGE_LOOP_ANALYSIS = YES;
				CLANG_WARN_STRICT_PROTOTYPES = YES;
				CLANG_WARN_SUSPICIOUS_MOVE = YES;
				CLANG_WARN_UNGUARDED_AVAILABILITY = YES_AGGRESSIVE;
				CLANG_WARN_UNREACHABLE_CODE = YES;
				CLANG_WARN__DUPLICATE_METHOD_MATCH = YES;
				COPY_PHASE_STRIP = NO;
				DEBUG_INFORMATION_FORMAT = "dwarf-with-dsym";
				ENABLE_NS_ASSERTIONS = NO;
				ENABLE_STRICT_OBJC_MSGSEND = YES;
				GCC_C_LANGUAGE_STANDARD = gnu11;
				GCC_NO_COMMON_BLOCKS = YES;
				GCC_WARN_64_TO_32_BIT_CONVERSION = YES;
				GCC_WARN_ABOUT_RETURN_TYPE = YES_ERROR;
				GCC_WARN_UNDECLARED_SELECTOR = YES;
				GCC_WARN_UNINITIALIZED_AUTOS = YES_AGGRESSIVE;
				GCC_WARN_UNUSED_FUNCTION = YES;
				GCC_WARN_UNUSED_VARIABLE = YES;
				MTL_ENABLE_DEBUG_INFO = NO;
				MTL_FAST_MATH = YES;
				SWIFT_COMPILATION_MODE = wholemodule;
				SWIFT_OPTIMIZATION_LEVEL = "-O";
			};
			name = Release;
		};
		B25EC5D02900818D00D5722E /* Debug */ = {
			isa = XCBuildConfiguration;
			buildSettings = {
				ASSETCATALOG_COMPILER_APPICON_NAME = AppIcon;
				ASSETCATALOG_COMPILER_GLOBAL_ACCENT_COLOR_NAME = AccentColor;
				CODE_SIGN_ENTITLEMENTS = editor/editor.entitlements;
				CODE_SIGN_STYLE = Automatic;
				CURRENT_PROJECT_VERSION = 1;
				DEVELOPMENT_TEAM = 39ZS78S25U;
				ENABLE_HARDENED_RUNTIME = YES;
				ENABLE_PREVIEWS = YES;
				GENERATE_INFOPLIST_FILE = YES;
				HEADER_SEARCH_PATHS = "$(PROJECT_DIR)/Editor/";
				"INFOPLIST_KEY_UIApplicationSceneManifest_Generation[sdk=iphoneos*]" = YES;
				"INFOPLIST_KEY_UIApplicationSceneManifest_Generation[sdk=iphonesimulator*]" = YES;
				"INFOPLIST_KEY_UIApplicationSupportsIndirectInputEvents[sdk=iphoneos*]" = YES;
				"INFOPLIST_KEY_UIApplicationSupportsIndirectInputEvents[sdk=iphonesimulator*]" = YES;
				"INFOPLIST_KEY_UILaunchScreen_Generation[sdk=iphoneos*]" = YES;
				"INFOPLIST_KEY_UILaunchScreen_Generation[sdk=iphonesimulator*]" = YES;
				"INFOPLIST_KEY_UIStatusBarStyle[sdk=iphoneos*]" = UIStatusBarStyleDefault;
				"INFOPLIST_KEY_UIStatusBarStyle[sdk=iphonesimulator*]" = UIStatusBarStyleDefault;
				INFOPLIST_KEY_UISupportedInterfaceOrientations_iPad = "UIInterfaceOrientationPortrait UIInterfaceOrientationPortraitUpsideDown UIInterfaceOrientationLandscapeLeft UIInterfaceOrientationLandscapeRight";
				INFOPLIST_KEY_UISupportedInterfaceOrientations_iPhone = "UIInterfaceOrientationPortrait UIInterfaceOrientationLandscapeLeft UIInterfaceOrientationLandscapeRight";
				IPHONEOS_DEPLOYMENT_TARGET = 16.0;
				LD_RUNPATH_SEARCH_PATHS = "@executable_path/Frameworks";
				"LD_RUNPATH_SEARCH_PATHS[sdk=macosx*]" = "@executable_path/../Frameworks";
				LIBRARY_SEARCH_PATHS = "$(PROJECT_DIR)/egui_editor/target/aarch64-apple-darwin/debug";
				"LIBRARY_SEARCH_PATHS[sdk=macosx*]" = "${PROJECT_DIR}/egui_editor/target/aarch64-apple-darwin/debug/";
				MACOSX_DEPLOYMENT_TARGET = 12.3;
				MARKETING_VERSION = 1.0;
				PRODUCT_BUNDLE_IDENTIFIER = net.lockbook.editor;
				PRODUCT_NAME = "$(TARGET_NAME)";
				SDKROOT = auto;
				SUPPORTED_PLATFORMS = "iphoneos iphonesimulator macosx";
				SWIFT_EMIT_LOC_STRINGS = YES;
				SWIFT_OBJC_BRIDGING_HEADER = "${PROJECT_DIR}/Editor/egui.h";
				SWIFT_VERSION = 5.0;
				TARGETED_DEVICE_FAMILY = "1,2";
			};
			name = Debug;
		};
		B25EC5D12900818D00D5722E /* Release */ = {
			isa = XCBuildConfiguration;
			buildSettings = {
				ASSETCATALOG_COMPILER_APPICON_NAME = AppIcon;
				ASSETCATALOG_COMPILER_GLOBAL_ACCENT_COLOR_NAME = AccentColor;
				CODE_SIGN_ENTITLEMENTS = editor/editor.entitlements;
				CODE_SIGN_STYLE = Automatic;
				CURRENT_PROJECT_VERSION = 1;
				DEVELOPMENT_TEAM = 39ZS78S25U;
				ENABLE_HARDENED_RUNTIME = YES;
				ENABLE_PREVIEWS = YES;
				GENERATE_INFOPLIST_FILE = YES;
				HEADER_SEARCH_PATHS = "$(PROJECT_DIR)/Editor/";
				"INFOPLIST_KEY_UIApplicationSceneManifest_Generation[sdk=iphoneos*]" = YES;
				"INFOPLIST_KEY_UIApplicationSceneManifest_Generation[sdk=iphonesimulator*]" = YES;
				"INFOPLIST_KEY_UIApplicationSupportsIndirectInputEvents[sdk=iphoneos*]" = YES;
				"INFOPLIST_KEY_UIApplicationSupportsIndirectInputEvents[sdk=iphonesimulator*]" = YES;
				"INFOPLIST_KEY_UILaunchScreen_Generation[sdk=iphoneos*]" = YES;
				"INFOPLIST_KEY_UILaunchScreen_Generation[sdk=iphonesimulator*]" = YES;
				"INFOPLIST_KEY_UIStatusBarStyle[sdk=iphoneos*]" = UIStatusBarStyleDefault;
				"INFOPLIST_KEY_UIStatusBarStyle[sdk=iphonesimulator*]" = UIStatusBarStyleDefault;
				INFOPLIST_KEY_UISupportedInterfaceOrientations_iPad = "UIInterfaceOrientationPortrait UIInterfaceOrientationPortraitUpsideDown UIInterfaceOrientationLandscapeLeft UIInterfaceOrientationLandscapeRight";
				INFOPLIST_KEY_UISupportedInterfaceOrientations_iPhone = "UIInterfaceOrientationPortrait UIInterfaceOrientationLandscapeLeft UIInterfaceOrientationLandscapeRight";
				IPHONEOS_DEPLOYMENT_TARGET = 16.0;
				LD_RUNPATH_SEARCH_PATHS = "@executable_path/Frameworks";
				"LD_RUNPATH_SEARCH_PATHS[sdk=macosx*]" = "@executable_path/../Frameworks";
				LIBRARY_SEARCH_PATHS = (
					"$(inherited)",
					"$(PROJECT_DIR)/egui_editor/target/aarch64-apple-darwin/debug",
				);
				MACOSX_DEPLOYMENT_TARGET = 12.3;
				MARKETING_VERSION = 1.0;
				PRODUCT_BUNDLE_IDENTIFIER = net.lockbook.editor;
				PRODUCT_NAME = "$(TARGET_NAME)";
				SDKROOT = auto;
				SUPPORTED_PLATFORMS = "iphoneos iphonesimulator macosx";
				SWIFT_EMIT_LOC_STRINGS = YES;
				SWIFT_OBJC_BRIDGING_HEADER = "${PROJECT_DIR}/Editor/egui.h";
				SWIFT_VERSION = 5.0;
				TARGETED_DEVICE_FAMILY = "1,2";
			};
			name = Release;
		};
/* End XCBuildConfiguration section */

/* Begin XCConfigurationList section */
		B25EC5A52900818B00D5722E /* Build configuration list for PBXProject "editor" */ = {
			isa = XCConfigurationList;
			buildConfigurations = (
				B25EC5CD2900818D00D5722E /* Debug */,
				B25EC5CE2900818D00D5722E /* Release */,
			);
			defaultConfigurationIsVisible = 0;
			defaultConfigurationName = Release;
		};
		B25EC5CF2900818D00D5722E /* Build configuration list for PBXNativeTarget "editor" */ = {
			isa = XCConfigurationList;
			buildConfigurations = (
				B25EC5D02900818D00D5722E /* Debug */,
				B25EC5D12900818D00D5722E /* Release */,
			);
			defaultConfigurationIsVisible = 0;
			defaultConfigurationName = Release;
		};
/* End XCConfigurationList section */
	};
	rootObject = B25EC5A22900818B00D5722E /* Project object */;
}
