// !$*UTF8*$!
{
	archiveVersion = 1;
	classes = {
	};
	objectVersion = 52;
	objects = {

/* Begin PBXBuildFile section */
		EA14E8192516643400B9158C /* SwiftLockbookCore in Frameworks */ = {isa = PBXBuildFile; productRef = EA14E8182516643400B9158C /* SwiftLockbookCore */; };
		EA14E81F2516655B00B9158C /* SwiftLockbookCore in Frameworks */ = {isa = PBXBuildFile; productRef = EA14E81E2516655B00B9158C /* SwiftLockbookCore */; };
		EA5C7D7B2516606100F7F358 /* LockbookApp.swift in Sources */ = {isa = PBXBuildFile; fileRef = EA5C7D682516605F00F7F358 /* LockbookApp.swift */; };
		EA5C7D7C2516606100F7F358 /* LockbookApp.swift in Sources */ = {isa = PBXBuildFile; fileRef = EA5C7D682516605F00F7F358 /* LockbookApp.swift */; };
		EA5C7D7D2516606100F7F358 /* ContentView.swift in Sources */ = {isa = PBXBuildFile; fileRef = EA5C7D692516605F00F7F358 /* ContentView.swift */; };
		EA5C7D7E2516606100F7F358 /* ContentView.swift in Sources */ = {isa = PBXBuildFile; fileRef = EA5C7D692516605F00F7F358 /* ContentView.swift */; };
		EA5C7D7F2516606100F7F358 /* Assets.xcassets in Resources */ = {isa = PBXBuildFile; fileRef = EA5C7D6A2516606000F7F358 /* Assets.xcassets */; };
		EA5C7D802516606100F7F358 /* Assets.xcassets in Resources */ = {isa = PBXBuildFile; fileRef = EA5C7D6A2516606000F7F358 /* Assets.xcassets */; };
/* End PBXBuildFile section */

/* Begin PBXFileReference section */
		EA5C7D682516605F00F7F358 /* LockbookApp.swift */ = {isa = PBXFileReference; lastKnownFileType = sourcecode.swift; path = LockbookApp.swift; sourceTree = "<group>"; };
		EA5C7D692516605F00F7F358 /* ContentView.swift */ = {isa = PBXFileReference; lastKnownFileType = sourcecode.swift; path = ContentView.swift; sourceTree = "<group>"; };
		EA5C7D6A2516606000F7F358 /* Assets.xcassets */ = {isa = PBXFileReference; lastKnownFileType = folder.assetcatalog; path = Assets.xcassets; sourceTree = "<group>"; };
		EA5C7D6F2516606000F7F358 /* Lockbook.app */ = {isa = PBXFileReference; explicitFileType = wrapper.application; includeInIndex = 0; path = Lockbook.app; sourceTree = BUILT_PRODUCTS_DIR; };
		EA5C7D722516606000F7F358 /* Info.plist */ = {isa = PBXFileReference; lastKnownFileType = text.plist.xml; path = Info.plist; sourceTree = "<group>"; };
		EA5C7D772516606000F7F358 /* Lockbook.app */ = {isa = PBXFileReference; explicitFileType = wrapper.application; includeInIndex = 0; path = Lockbook.app; sourceTree = BUILT_PRODUCTS_DIR; };
		EA5C7D792516606100F7F358 /* Info.plist */ = {isa = PBXFileReference; lastKnownFileType = text.plist.xml; path = Info.plist; sourceTree = "<group>"; };
		EA5C7D7A2516606100F7F358 /* macOS.entitlements */ = {isa = PBXFileReference; lastKnownFileType = text.plist.entitlements; path = macOS.entitlements; sourceTree = "<group>"; };
/* End PBXFileReference section */

/* Begin PBXFrameworksBuildPhase section */
		EA5C7D6C2516606000F7F358 /* Frameworks */ = {
			isa = PBXFrameworksBuildPhase;
			buildActionMask = 2147483647;
			files = (
				EA14E8192516643400B9158C /* SwiftLockbookCore in Frameworks */,
			);
			runOnlyForDeploymentPostprocessing = 0;
		};
		EA5C7D742516606000F7F358 /* Frameworks */ = {
			isa = PBXFrameworksBuildPhase;
			buildActionMask = 2147483647;
			files = (
				EA14E81F2516655B00B9158C /* SwiftLockbookCore in Frameworks */,
			);
			runOnlyForDeploymentPostprocessing = 0;
		};
/* End PBXFrameworksBuildPhase section */

/* Begin PBXGroup section */
		EA14E8172516643400B9158C /* Frameworks */ = {
			isa = PBXGroup;
			children = (
			);
			name = Frameworks;
			sourceTree = "<group>";
		};
		EA5C7D622516605F00F7F358 = {
			isa = PBXGroup;
			children = (
				EA5C7D672516605F00F7F358 /* Shared */,
				EA5C7D712516606000F7F358 /* iOS */,
				EA5C7D782516606100F7F358 /* macOS */,
				EA5C7D702516606000F7F358 /* Products */,
				EA14E8172516643400B9158C /* Frameworks */,
			);
			sourceTree = "<group>";
		};
		EA5C7D672516605F00F7F358 /* Shared */ = {
			isa = PBXGroup;
			children = (
				EA5C7D682516605F00F7F358 /* LockbookApp.swift */,
				EA5C7D692516605F00F7F358 /* ContentView.swift */,
				EA5C7D6A2516606000F7F358 /* Assets.xcassets */,
			);
			path = Shared;
			sourceTree = "<group>";
		};
		EA5C7D702516606000F7F358 /* Products */ = {
			isa = PBXGroup;
			children = (
				EA5C7D6F2516606000F7F358 /* Lockbook.app */,
				EA5C7D772516606000F7F358 /* Lockbook.app */,
			);
			name = Products;
			sourceTree = "<group>";
		};
		EA5C7D712516606000F7F358 /* iOS */ = {
			isa = PBXGroup;
			children = (
				EA5C7D722516606000F7F358 /* Info.plist */,
			);
			path = iOS;
			sourceTree = "<group>";
		};
		EA5C7D782516606100F7F358 /* macOS */ = {
			isa = PBXGroup;
			children = (
				EA5C7D792516606100F7F358 /* Info.plist */,
				EA5C7D7A2516606100F7F358 /* macOS.entitlements */,
			);
			path = macOS;
			sourceTree = "<group>";
		};
/* End PBXGroup section */

/* Begin PBXNativeTarget section */
		EA5C7D6E2516606000F7F358 /* Lockbook (iOS) */ = {
			isa = PBXNativeTarget;
			buildConfigurationList = EA5C7D832516606100F7F358 /* Build configuration list for PBXNativeTarget "Lockbook (iOS)" */;
			buildPhases = (
				EA5C7D6B2516606000F7F358 /* Sources */,
				EA5C7D6C2516606000F7F358 /* Frameworks */,
				EA5C7D6D2516606000F7F358 /* Resources */,
			);
			buildRules = (
			);
			dependencies = (
			);
			name = "Lockbook (iOS)";
			packageProductDependencies = (
				EA14E8182516643400B9158C /* SwiftLockbookCore */,
			);
			productName = "Lockbook (iOS)";
			productReference = EA5C7D6F2516606000F7F358 /* Lockbook.app */;
			productType = "com.apple.product-type.application";
		};
		EA5C7D762516606000F7F358 /* Lockbook (macOS) */ = {
			isa = PBXNativeTarget;
			buildConfigurationList = EA5C7D862516606100F7F358 /* Build configuration list for PBXNativeTarget "Lockbook (macOS)" */;
			buildPhases = (
				EA5C7D732516606000F7F358 /* Sources */,
				EA5C7D742516606000F7F358 /* Frameworks */,
				EA5C7D752516606000F7F358 /* Resources */,
			);
			buildRules = (
			);
			dependencies = (
			);
			name = "Lockbook (macOS)";
			packageProductDependencies = (
				EA14E81E2516655B00B9158C /* SwiftLockbookCore */,
			);
			productName = "Lockbook (macOS)";
			productReference = EA5C7D772516606000F7F358 /* Lockbook.app */;
			productType = "com.apple.product-type.application";
		};
/* End PBXNativeTarget section */

/* Begin PBXProject section */
		EA5C7D632516605F00F7F358 /* Project object */ = {
			isa = PBXProject;
			attributes = {
				LastSwiftUpdateCheck = 1220;
				LastUpgradeCheck = 1220;
				TargetAttributes = {
					EA5C7D6E2516606000F7F358 = {
						CreatedOnToolsVersion = 12.2;
					};
					EA5C7D762516606000F7F358 = {
						CreatedOnToolsVersion = 12.2;
					};
				};
			};
			buildConfigurationList = EA5C7D662516605F00F7F358 /* Build configuration list for PBXProject "Lockbook" */;
			compatibilityVersion = "Xcode 9.3";
			developmentRegion = en;
			hasScannedForEncodings = 0;
			knownRegions = (
				en,
				Base,
			);
			mainGroup = EA5C7D622516605F00F7F358;
			productRefGroup = EA5C7D702516606000F7F358 /* Products */;
			projectDirPath = "";
			projectRoot = "";
			targets = (
				EA5C7D6E2516606000F7F358 /* Lockbook (iOS) */,
				EA5C7D762516606000F7F358 /* Lockbook (macOS) */,
			);
		};
/* End PBXProject section */

/* Begin PBXResourcesBuildPhase section */
		EA5C7D6D2516606000F7F358 /* Resources */ = {
			isa = PBXResourcesBuildPhase;
			buildActionMask = 2147483647;
			files = (
				EA5C7D7F2516606100F7F358 /* Assets.xcassets in Resources */,
			);
			runOnlyForDeploymentPostprocessing = 0;
		};
		EA5C7D752516606000F7F358 /* Resources */ = {
			isa = PBXResourcesBuildPhase;
			buildActionMask = 2147483647;
			files = (
				EA5C7D802516606100F7F358 /* Assets.xcassets in Resources */,
			);
			runOnlyForDeploymentPostprocessing = 0;
		};
/* End PBXResourcesBuildPhase section */

/* Begin PBXSourcesBuildPhase section */
		EA5C7D6B2516606000F7F358 /* Sources */ = {
			isa = PBXSourcesBuildPhase;
			buildActionMask = 2147483647;
			files = (
				EA5C7D7D2516606100F7F358 /* ContentView.swift in Sources */,
				EA5C7D7B2516606100F7F358 /* LockbookApp.swift in Sources */,
			);
			runOnlyForDeploymentPostprocessing = 0;
		};
		EA5C7D732516606000F7F358 /* Sources */ = {
			isa = PBXSourcesBuildPhase;
			buildActionMask = 2147483647;
			files = (
				EA5C7D7E2516606100F7F358 /* ContentView.swift in Sources */,
				EA5C7D7C2516606100F7F358 /* LockbookApp.swift in Sources */,
			);
			runOnlyForDeploymentPostprocessing = 0;
		};
/* End PBXSourcesBuildPhase section */

/* Begin XCBuildConfiguration section */
		EA5C7D812516606100F7F358 /* Debug */ = {
			isa = XCBuildConfiguration;
			buildSettings = {
				ALWAYS_SEARCH_USER_PATHS = NO;
				CLANG_ANALYZER_NONNULL = YES;
				CLANG_ANALYZER_NUMBER_OBJECT_CONVERSION = YES_AGGRESSIVE;
				CLANG_CXX_LANGUAGE_STANDARD = "gnu++14";
				CLANG_CXX_LIBRARY = "libc++";
				CLANG_ENABLE_MODULES = YES;
				CLANG_ENABLE_OBJC_ARC = YES;
				CLANG_ENABLE_OBJC_WEAK = YES;
				CLANG_WARN_BLOCK_CAPTURE_AUTORELEASING = YES;
				CLANG_WARN_BOOL_CONVERSION = YES;
				CLANG_WARN_COMMA = YES;
				CLANG_WARN_CONSTANT_CONVERSION = YES;
				CLANG_WARN_DEPRECATED_OBJC_IMPLEMENTATIONS = YES;
				CLANG_WARN_DIRECT_OBJC_ISA_USAGE = YES_ERROR;
				CLANG_WARN_DOCUMENTATION_COMMENTS = YES;
				CLANG_WARN_EMPTY_BODY = YES;
				CLANG_WARN_ENUM_CONVERSION = YES;
				CLANG_WARN_INFINITE_RECURSION = YES;
				CLANG_WARN_INT_CONVERSION = YES;
				CLANG_WARN_NON_LITERAL_NULL_CONVERSION = YES;
				CLANG_WARN_OBJC_IMPLICIT_RETAIN_SELF = YES;
				CLANG_WARN_OBJC_LITERAL_CONVERSION = YES;
				CLANG_WARN_OBJC_ROOT_CLASS = YES_ERROR;
				CLANG_WARN_QUOTED_INCLUDE_IN_FRAMEWORK_HEADER = YES;
				CLANG_WARN_RANGE_LOOP_ANALYSIS = YES;
				CLANG_WARN_STRICT_PROTOTYPES = YES;
				CLANG_WARN_SUSPICIOUS_MOVE = YES;
				CLANG_WARN_UNGUARDED_AVAILABILITY = YES_AGGRESSIVE;
				CLANG_WARN_UNREACHABLE_CODE = YES;
				CLANG_WARN__DUPLICATE_METHOD_MATCH = YES;
				COPY_PHASE_STRIP = NO;
				DEBUG_INFORMATION_FORMAT = dwarf;
				ENABLE_STRICT_OBJC_MSGSEND = YES;
				ENABLE_TESTABILITY = YES;
				GCC_C_LANGUAGE_STANDARD = gnu11;
				GCC_DYNAMIC_NO_PIC = NO;
				GCC_NO_COMMON_BLOCKS = YES;
				GCC_OPTIMIZATION_LEVEL = 0;
				GCC_PREPROCESSOR_DEFINITIONS = (
					"DEBUG=1",
					"$(inherited)",
				);
				GCC_WARN_64_TO_32_BIT_CONVERSION = YES;
				GCC_WARN_ABOUT_RETURN_TYPE = YES_ERROR;
				GCC_WARN_UNDECLARED_SELECTOR = YES;
				GCC_WARN_UNINITIALIZED_AUTOS = YES_AGGRESSIVE;
				GCC_WARN_UNUSED_FUNCTION = YES;
				GCC_WARN_UNUSED_VARIABLE = YES;
				MTL_ENABLE_DEBUG_INFO = INCLUDE_SOURCE;
				MTL_FAST_MATH = YES;
				ONLY_ACTIVE_ARCH = YES;
				SWIFT_ACTIVE_COMPILATION_CONDITIONS = DEBUG;
				SWIFT_OPTIMIZATION_LEVEL = "-Onone";
			};
			name = Debug;
		};
		EA5C7D822516606100F7F358 /* Release */ = {
			isa = XCBuildConfiguration;
			buildSettings = {
				ALWAYS_SEARCH_USER_PATHS = NO;
				CLANG_ANALYZER_NONNULL = YES;
				CLANG_ANALYZER_NUMBER_OBJECT_CONVERSION = YES_AGGRESSIVE;
				CLANG_CXX_LANGUAGE_STANDARD = "gnu++14";
				CLANG_CXX_LIBRARY = "libc++";
				CLANG_ENABLE_MODULES = YES;
				CLANG_ENABLE_OBJC_ARC = YES;
				CLANG_ENABLE_OBJC_WEAK = YES;
				CLANG_WARN_BLOCK_CAPTURE_AUTORELEASING = YES;
				CLANG_WARN_BOOL_CONVERSION = YES;
				CLANG_WARN_COMMA = YES;
				CLANG_WARN_CONSTANT_CONVERSION = YES;
				CLANG_WARN_DEPRECATED_OBJC_IMPLEMENTATIONS = YES;
				CLANG_WARN_DIRECT_OBJC_ISA_USAGE = YES_ERROR;
				CLANG_WARN_DOCUMENTATION_COMMENTS = YES;
				CLANG_WARN_EMPTY_BODY = YES;
				CLANG_WARN_ENUM_CONVERSION = YES;
				CLANG_WARN_INFINITE_RECURSION = YES;
				CLANG_WARN_INT_CONVERSION = YES;
				CLANG_WARN_NON_LITERAL_NULL_CONVERSION = YES;
				CLANG_WARN_OBJC_IMPLICIT_RETAIN_SELF = YES;
				CLANG_WARN_OBJC_LITERAL_CONVERSION = YES;
				CLANG_WARN_OBJC_ROOT_CLASS = YES_ERROR;
				CLANG_WARN_QUOTED_INCLUDE_IN_FRAMEWORK_HEADER = YES;
				CLANG_WARN_RANGE_LOOP_ANALYSIS = YES;
				CLANG_WARN_STRICT_PROTOTYPES = YES;
				CLANG_WARN_SUSPICIOUS_MOVE = YES;
				CLANG_WARN_UNGUARDED_AVAILABILITY = YES_AGGRESSIVE;
				CLANG_WARN_UNREACHABLE_CODE = YES;
				CLANG_WARN__DUPLICATE_METHOD_MATCH = YES;
				COPY_PHASE_STRIP = NO;
				DEBUG_INFORMATION_FORMAT = "dwarf-with-dsym";
				ENABLE_NS_ASSERTIONS = NO;
				ENABLE_STRICT_OBJC_MSGSEND = YES;
				GCC_C_LANGUAGE_STANDARD = gnu11;
				GCC_NO_COMMON_BLOCKS = YES;
				GCC_WARN_64_TO_32_BIT_CONVERSION = YES;
				GCC_WARN_ABOUT_RETURN_TYPE = YES_ERROR;
				GCC_WARN_UNDECLARED_SELECTOR = YES;
				GCC_WARN_UNINITIALIZED_AUTOS = YES_AGGRESSIVE;
				GCC_WARN_UNUSED_FUNCTION = YES;
				GCC_WARN_UNUSED_VARIABLE = YES;
				MTL_ENABLE_DEBUG_INFO = NO;
				MTL_FAST_MATH = YES;
				SWIFT_COMPILATION_MODE = wholemodule;
				SWIFT_OPTIMIZATION_LEVEL = "-O";
			};
			name = Release;
		};
		EA5C7D842516606100F7F358 /* Debug */ = {
			isa = XCBuildConfiguration;
			buildSettings = {
				ASSETCATALOG_COMPILER_APPICON_NAME = AppIcon;
				ASSETCATALOG_COMPILER_GLOBAL_ACCENT_COLOR_NAME = AccentColor;
				CODE_SIGN_STYLE = Automatic;
				DEVELOPMENT_TEAM = 39ZS78S25U;
				ENABLE_PREVIEWS = YES;
				INFOPLIST_FILE = iOS/Info.plist;
				IPHONEOS_DEPLOYMENT_TARGET = 14.0;
				LD_RUNPATH_SEARCH_PATHS = (
					"$(inherited)",
					"@executable_path/Frameworks",
				);
				LIBRARY_SEARCH_PATHS = "${PROJECT_DIR}/CLockbookCore/Sources/CLockbookCore/lib_ios";
				MARKETING_VERSION = 0.0.1;
				PRODUCT_BUNDLE_IDENTIFIER = app.lockbook.Lockbook;
				PRODUCT_NAME = Lockbook;
				SDKROOT = iphoneos;
				SWIFT_VERSION = 5.0;
				TARGETED_DEVICE_FAMILY = "1,2";
			};
			name = Debug;
		};
		EA5C7D852516606100F7F358 /* Release */ = {
			isa = XCBuildConfiguration;
			buildSettings = {
				ASSETCATALOG_COMPILER_APPICON_NAME = AppIcon;
				ASSETCATALOG_COMPILER_GLOBAL_ACCENT_COLOR_NAME = AccentColor;
				CODE_SIGN_STYLE = Automatic;
				DEVELOPMENT_TEAM = 39ZS78S25U;
				ENABLE_PREVIEWS = YES;
				INFOPLIST_FILE = iOS/Info.plist;
				IPHONEOS_DEPLOYMENT_TARGET = 14.0;
				LD_RUNPATH_SEARCH_PATHS = (
					"$(inherited)",
					"@executable_path/Frameworks",
				);
				LIBRARY_SEARCH_PATHS = "${PROJECT_DIR}/CLockbookCore/Sources/CLockbookCore/lib_ios";
				MARKETING_VERSION = 0.0.1;
				PRODUCT_BUNDLE_IDENTIFIER = app.lockbook.Lockbook;
				PRODUCT_NAME = Lockbook;
				SDKROOT = iphoneos;
				SWIFT_VERSION = 5.0;
				TARGETED_DEVICE_FAMILY = "1,2";
				VALIDATE_PRODUCT = YES;
			};
			name = Release;
		};
		EA5C7D872516606100F7F358 /* Debug */ = {
			isa = XCBuildConfiguration;
			buildSettings = {
				ASSETCATALOG_COMPILER_APPICON_NAME = AppIcon;
				ASSETCATALOG_COMPILER_GLOBAL_ACCENT_COLOR_NAME = AccentColor;
				CODE_SIGN_ENTITLEMENTS = macOS/macOS.entitlements;
				CODE_SIGN_IDENTITY = "-";
				CODE_SIGN_STYLE = Automatic;
				COMBINE_HIDPI_IMAGES = YES;
				DEVELOPMENT_TEAM = 39ZS78S25U;
				ENABLE_HARDENED_RUNTIME = YES;
				ENABLE_PREVIEWS = YES;
				INFOPLIST_FILE = macOS/Info.plist;
				LD_RUNPATH_SEARCH_PATHS = (
					"$(inherited)",
					"@executable_path/../Frameworks",
				);
				LIBRARY_SEARCH_PATHS = "${PROJECT_DIR}/CLockbookCore/Sources/CLockbookCore/lib";
				MACOSX_DEPLOYMENT_TARGET = 11.0;
				PRODUCT_BUNDLE_IDENTIFIER = app.lockbook.Lockbook;
				PRODUCT_NAME = Lockbook;
				SDKROOT = macosx;
				SWIFT_VERSION = 5.0;
			};
			name = Debug;
		};
		EA5C7D882516606100F7F358 /* Release */ = {
			isa = XCBuildConfiguration;
			buildSettings = {
				ASSETCATALOG_COMPILER_APPICON_NAME = AppIcon;
				ASSETCATALOG_COMPILER_GLOBAL_ACCENT_COLOR_NAME = AccentColor;
				CODE_SIGN_ENTITLEMENTS = macOS/macOS.entitlements;
				CODE_SIGN_IDENTITY = "-";
				CODE_SIGN_STYLE = Automatic;
				COMBINE_HIDPI_IMAGES = YES;
				DEVELOPMENT_TEAM = 39ZS78S25U;
				ENABLE_HARDENED_RUNTIME = YES;
				ENABLE_PREVIEWS = YES;
				INFOPLIST_FILE = macOS/Info.plist;
				LD_RUNPATH_SEARCH_PATHS = (
					"$(inherited)",
					"@executable_path/../Frameworks",
				);
				LIBRARY_SEARCH_PATHS = "${PROJECT_DIR}/CLockbookCore/Sources/CLockbookCore/lib";
				MACOSX_DEPLOYMENT_TARGET = 11.0;
				PRODUCT_BUNDLE_IDENTIFIER = app.lockbook.Lockbook;
				PRODUCT_NAME = Lockbook;
				SDKROOT = macosx;
				SWIFT_VERSION = 5.0;
			};
			name = Release;
		};
/* End XCBuildConfiguration section */

/* Begin XCConfigurationList section */
		EA5C7D662516605F00F7F358 /* Build configuration list for PBXProject "Lockbook" */ = {
			isa = XCConfigurationList;
			buildConfigurations = (
				EA5C7D812516606100F7F358 /* Debug */,
				EA5C7D822516606100F7F358 /* Release */,
			);
			defaultConfigurationIsVisible = 0;
			defaultConfigurationName = Release;
		};
		EA5C7D832516606100F7F358 /* Build configuration list for PBXNativeTarget "Lockbook (iOS)" */ = {
			isa = XCConfigurationList;
			buildConfigurations = (
				EA5C7D842516606100F7F358 /* Debug */,
				EA5C7D852516606100F7F358 /* Release */,
			);
			defaultConfigurationIsVisible = 0;
			defaultConfigurationName = Release;
		};
		EA5C7D862516606100F7F358 /* Build configuration list for PBXNativeTarget "Lockbook (macOS)" */ = {
			isa = XCConfigurationList;
			buildConfigurations = (
				EA5C7D872516606100F7F358 /* Debug */,
				EA5C7D882516606100F7F358 /* Release */,
			);
			defaultConfigurationIsVisible = 0;
			defaultConfigurationName = Release;
		};
/* End XCConfigurationList section */

/* Begin XCSwiftPackageProductDependency section */
		EA14E8182516643400B9158C /* SwiftLockbookCore */ = {
			isa = XCSwiftPackageProductDependency;
			productName = SwiftLockbookCore;
		};
		EA14E81E2516655B00B9158C /* SwiftLockbookCore */ = {
			isa = XCSwiftPackageProductDependency;
			productName = SwiftLockbookCore;
		};
/* End XCSwiftPackageProductDependency section */
	};
	rootObject = EA5C7D632516605F00F7F358 /* Project object */;
}
