
Microsoft Visual Studio Solution File, Format Version 12.00
# Visual Studio Version 16
VisualStudioVersion = 16.0.30320.27
MinimumVisualStudioVersion = 10.0.40219.1
Project("{FAE04EC0-301F-11D3-BF4B-00C04F79EFBC}") = "windows", "windows\windows.csproj", "{6F3850CE-86FC-4E04-92CF-3A0F8E70A430}"
EndProject
Project("{2150E333-8FDC-42A3-9474-1A3956D46DE8}") = "Solution Items", "Solution Items", "{4055EBBA-E810-48AB-94E4-559904BFF981}"
	ProjectSection(SolutionItems) = preProject
		.editorconfig = .editorconfig
	EndProjectSection
EndProject
Project("{9A19103F-16F7-4668-BE54-9A1E7A4F7556}") = "core", "core\core.csproj", "{D479AD05-2608-47F0-8506-74B662144E6A}"
EndProject
Project("{9A19103F-16F7-4668-BE54-9A1E7A4F7556}") = "test", "test\test.csproj", "{3ABCF537-1EA7-4BE1-BDAE-756F22A92276}"
EndProject
Global
	GlobalSection(SolutionConfigurationPlatforms) = preSolution
		Debug|Any CPU = Debug|Any CPU
		Debug|ARM = Debug|ARM
		Debug|ARM64 = Debug|ARM64
		Debug|x64 = Debug|x64
		Debug|x86 = Debug|x86
		Release|Any CPU = Release|Any CPU
		Release|ARM = Release|ARM
		Release|ARM64 = Release|ARM64
		Release|x64 = Release|x64
		Release|x86 = Release|x86
	EndGlobalSection
	GlobalSection(ProjectConfigurationPlatforms) = postSolution
		{6F3850CE-86FC-4E04-92CF-3A0F8E70A430}.Debug|Any CPU.ActiveCfg = Debug|x86
		{6F3850CE-86FC-4E04-92CF-3A0F8E70A430}.Debug|ARM.ActiveCfg = Debug|ARM
		{6F3850CE-86FC-4E04-92CF-3A0F8E70A430}.Debug|ARM.Build.0 = Debug|ARM
		{6F3850CE-86FC-4E04-92CF-3A0F8E70A430}.Debug|ARM.Deploy.0 = Debug|ARM
		{6F3850CE-86FC-4E04-92CF-3A0F8E70A430}.Debug|ARM64.ActiveCfg = Debug|ARM64
		{6F3850CE-86FC-4E04-92CF-3A0F8E70A430}.Debug|ARM64.Build.0 = Debug|ARM64
		{6F3850CE-86FC-4E04-92CF-3A0F8E70A430}.Debug|ARM64.Deploy.0 = Debug|ARM64
		{6F3850CE-86FC-4E04-92CF-3A0F8E70A430}.Debug|x64.ActiveCfg = Debug|x64
		{6F3850CE-86FC-4E04-92CF-3A0F8E70A430}.Debug|x64.Build.0 = Debug|x64
		{6F3850CE-86FC-4E04-92CF-3A0F8E70A430}.Debug|x64.Deploy.0 = Debug|x64
		{6F3850CE-86FC-4E04-92CF-3A0F8E70A430}.Debug|x86.ActiveCfg = Debug|x86
		{6F3850CE-86FC-4E04-92CF-3A0F8E70A430}.Debug|x86.Build.0 = Debug|x86
		{6F3850CE-86FC-4E04-92CF-3A0F8E70A430}.Debug|x86.Deploy.0 = Debug|x86
		{6F3850CE-86FC-4E04-92CF-3A0F8E70A430}.Release|Any CPU.ActiveCfg = Release|x86
		{6F3850CE-86FC-4E04-92CF-3A0F8E70A430}.Release|ARM.ActiveCfg = Release|ARM
		{6F3850CE-86FC-4E04-92CF-3A0F8E70A430}.Release|ARM.Build.0 = Release|ARM
		{6F3850CE-86FC-4E04-92CF-3A0F8E70A430}.Release|ARM.Deploy.0 = Release|ARM
		{6F3850CE-86FC-4E04-92CF-3A0F8E70A430}.Release|ARM64.ActiveCfg = Release|ARM64
		{6F3850CE-86FC-4E04-92CF-3A0F8E70A430}.Release|ARM64.Build.0 = Release|ARM64
		{6F3850CE-86FC-4E04-92CF-3A0F8E70A430}.Release|ARM64.Deploy.0 = Release|ARM64
		{6F3850CE-86FC-4E04-92CF-3A0F8E70A430}.Release|x64.ActiveCfg = Release|x64
		{6F3850CE-86FC-4E04-92CF-3A0F8E70A430}.Release|x64.Build.0 = Release|x64
		{6F3850CE-86FC-4E04-92CF-3A0F8E70A430}.Release|x64.Deploy.0 = Release|x64
		{6F3850CE-86FC-4E04-92CF-3A0F8E70A430}.Release|x86.ActiveCfg = Release|x86
		{6F3850CE-86FC-4E04-92CF-3A0F8E70A430}.Release|x86.Build.0 = Release|x86
		{6F3850CE-86FC-4E04-92CF-3A0F8E70A430}.Release|x86.Deploy.0 = Release|x86
		{D479AD05-2608-47F0-8506-74B662144E6A}.Debug|Any CPU.ActiveCfg = Debug|Any CPU
		{D479AD05-2608-47F0-8506-74B662144E6A}.Debug|Any CPU.Build.0 = Debug|Any CPU
		{D479AD05-2608-47F0-8506-74B662144E6A}.Debug|ARM.ActiveCfg = Debug|Any CPU
		{D479AD05-2608-47F0-8506-74B662144E6A}.Debug|ARM.Build.0 = Debug|Any CPU
		{D479AD05-2608-47F0-8506-74B662144E6A}.Debug|ARM64.ActiveCfg = Debug|Any CPU
		{D479AD05-2608-47F0-8506-74B662144E6A}.Debug|ARM64.Build.0 = Debug|Any CPU
		{D479AD05-2608-47F0-8506-74B662144E6A}.Debug|x64.ActiveCfg = Debug|Any CPU
		{D479AD05-2608-47F0-8506-74B662144E6A}.Debug|x64.Build.0 = Debug|Any CPU
		{D479AD05-2608-47F0-8506-74B662144E6A}.Debug|x86.ActiveCfg = Debug|Any CPU
		{D479AD05-2608-47F0-8506-74B662144E6A}.Debug|x86.Build.0 = Debug|Any CPU
		{D479AD05-2608-47F0-8506-74B662144E6A}.Release|Any CPU.ActiveCfg = Release|Any CPU
		{D479AD05-2608-47F0-8506-74B662144E6A}.Release|Any CPU.Build.0 = Release|Any CPU
		{D479AD05-2608-47F0-8506-74B662144E6A}.Release|ARM.ActiveCfg = Release|Any CPU
		{D479AD05-2608-47F0-8506-74B662144E6A}.Release|ARM.Build.0 = Release|Any CPU
		{D479AD05-2608-47F0-8506-74B662144E6A}.Release|ARM64.ActiveCfg = Release|Any CPU
		{D479AD05-2608-47F0-8506-74B662144E6A}.Release|ARM64.Build.0 = Release|Any CPU
		{D479AD05-2608-47F0-8506-74B662144E6A}.Release|x64.ActiveCfg = Release|Any CPU
		{D479AD05-2608-47F0-8506-74B662144E6A}.Release|x64.Build.0 = Release|Any CPU
		{D479AD05-2608-47F0-8506-74B662144E6A}.Release|x86.ActiveCfg = Release|Any CPU
		{D479AD05-2608-47F0-8506-74B662144E6A}.Release|x86.Build.0 = Release|Any CPU
		{3ABCF537-1EA7-4BE1-BDAE-756F22A92276}.Debug|Any CPU.ActiveCfg = Debug|Any CPU
		{3ABCF537-1EA7-4BE1-BDAE-756F22A92276}.Debug|Any CPU.Build.0 = Debug|Any CPU
		{3ABCF537-1EA7-4BE1-BDAE-756F22A92276}.Debug|ARM.ActiveCfg = Debug|Any CPU
		{3ABCF537-1EA7-4BE1-BDAE-756F22A92276}.Debug|ARM.Build.0 = Debug|Any CPU
		{3ABCF537-1EA7-4BE1-BDAE-756F22A92276}.Debug|ARM64.ActiveCfg = Debug|Any CPU
		{3ABCF537-1EA7-4BE1-BDAE-756F22A92276}.Debug|ARM64.Build.0 = Debug|Any CPU
		{3ABCF537-1EA7-4BE1-BDAE-756F22A92276}.Debug|x64.ActiveCfg = Debug|Any CPU
		{3ABCF537-1EA7-4BE1-BDAE-756F22A92276}.Debug|x64.Build.0 = Debug|Any CPU
		{3ABCF537-1EA7-4BE1-BDAE-756F22A92276}.Debug|x86.ActiveCfg = Debug|Any CPU
		{3ABCF537-1EA7-4BE1-BDAE-756F22A92276}.Debug|x86.Build.0 = Debug|Any CPU
		{3ABCF537-1EA7-4BE1-BDAE-756F22A92276}.Release|Any CPU.ActiveCfg = Release|Any CPU
		{3ABCF537-1EA7-4BE1-BDAE-756F22A92276}.Release|Any CPU.Build.0 = Release|Any CPU
		{3ABCF537-1EA7-4BE1-BDAE-756F22A92276}.Release|ARM.ActiveCfg = Release|Any CPU
		{3ABCF537-1EA7-4BE1-BDAE-756F22A92276}.Release|ARM.Build.0 = Release|Any CPU
		{3ABCF537-1EA7-4BE1-BDAE-756F22A92276}.Release|ARM64.ActiveCfg = Release|Any CPU
		{3ABCF537-1EA7-4BE1-BDAE-756F22A92276}.Release|ARM64.Build.0 = Release|Any CPU
		{3ABCF537-1EA7-4BE1-BDAE-756F22A92276}.Release|x64.ActiveCfg = Release|Any CPU
		{3ABCF537-1EA7-4BE1-BDAE-756F22A92276}.Release|x64.Build.0 = Release|Any CPU
		{3ABCF537-1EA7-4BE1-BDAE-756F22A92276}.Release|x86.ActiveCfg = Release|Any CPU
		{3ABCF537-1EA7-4BE1-BDAE-756F22A92276}.Release|x86.Build.0 = Release|Any CPU
	EndGlobalSection
	GlobalSection(SolutionProperties) = preSolution
		HideSolutionNode = FALSE
	EndGlobalSection
	GlobalSection(ExtensibilityGlobals) = postSolution
		SolutionGuid = {2DB5EA3A-BBA6-4AFA-AC9D-994E5D3FD508}
	EndGlobalSection
EndGlobal
