// !$*UTF8*$!
{
	archiveVersion = 1;
	classes = {
	};
	objectVersion = 52;
	objects = {

/* Begin PBXBuildFile section */
		1F7E4FBF2521297D0045F606 /* Colors.swift in Sources */ = {isa = PBXBuildFile; fileRef = 1F7E4FBE2521297D0045F606 /* Colors.swift */; };
		1F7E4FC02521297D0045F606 /* Colors.swift in Sources */ = {isa = PBXBuildFile; fileRef = 1F7E4FBE2521297D0045F606 /* Colors.swift */; };
		4709C77029FDAAE9004449EF /* SuggestedDocs.swift in Sources */ = {isa = PBXBuildFile; fileRef = 4709C76F29FDAAE9004449EF /* SuggestedDocs.swift */; };
		4709C77129FDAAE9004449EF /* SuggestedDocs.swift in Sources */ = {isa = PBXBuildFile; fileRef = 4709C76F29FDAAE9004449EF /* SuggestedDocs.swift */; };
		4709DC38296609F100426106 /* PendingSharesView.swift in Sources */ = {isa = PBXBuildFile; fileRef = 4709DC37296609F100426106 /* PendingSharesView.swift */; };
		4709DC39296609F100426106 /* PendingSharesView.swift in Sources */ = {isa = PBXBuildFile; fileRef = 4709DC37296609F100426106 /* PendingSharesView.swift */; };
		4709DC3E2966260500426106 /* AcceptShareSheet.swift in Sources */ = {isa = PBXBuildFile; fileRef = 4709DC3D2966260500426106 /* AcceptShareSheet.swift */; };
		4709DC3F2966260500426106 /* AcceptShareSheet.swift in Sources */ = {isa = PBXBuildFile; fileRef = 4709DC3D2966260500426106 /* AcceptShareSheet.swift */; };
		47159F4629CFA05B00969DDF /* DSFQuickActionBar in Frameworks */ = {isa = PBXBuildFile; productRef = 47159F4529CFA05B00969DDF /* DSFQuickActionBar */; };
		471E363529FD5F5C00A1958A /* FileListView.swift in Sources */ = {isa = PBXBuildFile; fileRef = 8741E8F925ACBCF9005B7B01 /* FileListView.swift */; };
		473A3DCE29AC354B0017BC6A /* FilePathBreadcrumb.swift in Sources */ = {isa = PBXBuildFile; fileRef = 473A3DCD29AC354B0017BC6A /* FilePathBreadcrumb.swift */; };
		4756C4DB2A57CE86002C64B1 /* NewFolderSheet.swift in Sources */ = {isa = PBXBuildFile; fileRef = 4756C4DA2A57CE86002C64B1 /* NewFolderSheet.swift */; };
		4756C4DC2A57CE86002C64B1 /* NewFolderSheet.swift in Sources */ = {isa = PBXBuildFile; fileRef = 4756C4DA2A57CE86002C64B1 /* NewFolderSheet.swift */; };
		4761F30F2A1832B4002ED338 /* ManageSubscription.swift in Sources */ = {isa = PBXBuildFile; fileRef = 4761F30E2A1832B4002ED338 /* ManageSubscription.swift */; };
		476436CC29B7DE4E00FBDC59 /* SearchService.swift in Sources */ = {isa = PBXBuildFile; fileRef = 476436CB29B7DE4E00FBDC59 /* SearchService.swift */; };
		476436CD29B7DE4E00FBDC59 /* SearchService.swift in Sources */ = {isa = PBXBuildFile; fileRef = 476436CB29B7DE4E00FBDC59 /* SearchService.swift */; };
		4772A43A29E8656A0032D586 /* SearchWrapperView.swift in Sources */ = {isa = PBXBuildFile; fileRef = 4772A43929E8656A0032D586 /* SearchWrapperView.swift */; };
		4772A43B29E8656A0032D586 /* SearchWrapperView.swift in Sources */ = {isa = PBXBuildFile; fileRef = 4772A43929E8656A0032D586 /* SearchWrapperView.swift */; };
		477CC4902967A53C00714456 /* ShareFileSheet.swift in Sources */ = {isa = PBXBuildFile; fileRef = 477CC48F2967A53C00714456 /* ShareFileSheet.swift */; };
		477CC4912967A53C00714456 /* ShareFileSheet.swift in Sources */ = {isa = PBXBuildFile; fileRef = 477CC48F2967A53C00714456 /* ShareFileSheet.swift */; };
		47837E292A72EA7500863FA4 /* Assets.xcassets in Resources */ = {isa = PBXBuildFile; fileRef = B273394C26C8A4B400303EAE /* Assets.xcassets */; };
		47A273032A5B922D0006DD7F /* DocumentTabView.swift in Sources */ = {isa = PBXBuildFile; fileRef = 47A273022A5B922D0006DD7F /* DocumentTabView.swift */; };
		47A273042A5B922D0006DD7F /* DocumentTabView.swift in Sources */ = {isa = PBXBuildFile; fileRef = 47A273022A5B922D0006DD7F /* DocumentTabView.swift */; };
		47A45FBB2969047B00573044 /* ShareService.swift in Sources */ = {isa = PBXBuildFile; fileRef = 47A45FBA2969047B00573044 /* ShareService.swift */; };
		47A45FBC2969047B00573044 /* ShareService.swift in Sources */ = {isa = PBXBuildFile; fileRef = 47A45FBA2969047B00573044 /* ShareService.swift */; };
		47B041F32905BFB100A02DA7 /* AlertToast in Frameworks */ = {isa = PBXBuildFile; productRef = 47B041F22905BFB100A02DA7 /* AlertToast */; };
		47B041F52905BFF100A02DA7 /* AlertToast in Frameworks */ = {isa = PBXBuildFile; productRef = 47B041F42905BFF100A02DA7 /* AlertToast */; };
		47B53838290EFE150012E542 /* BillingService.swift in Sources */ = {isa = PBXBuildFile; fileRef = 47B53837290EFE150012E542 /* BillingService.swift */; };
		47B53839290EFE150012E542 /* BillingService.swift in Sources */ = {isa = PBXBuildFile; fileRef = 47B53837290EFE150012E542 /* BillingService.swift */; };
		47B67289295F977C00DB0D8E /* ManageSubscriptionView.swift in Sources */ = {isa = PBXBuildFile; fileRef = 47B67288295F977C00DB0D8E /* ManageSubscriptionView.swift */; };
		47CEC69D2A182F2A0018FA5C /* UpgradeToPremium.swift in Sources */ = {isa = PBXBuildFile; fileRef = 47CEC69C2A182F2A0018FA5C /* UpgradeToPremium.swift */; };
		47DBF1F12A61A51000F86B3F /* ImportExportService.swift in Sources */ = {isa = PBXBuildFile; fileRef = 47DBF1F02A61A51000F86B3F /* ImportExportService.swift */; };
		47DBF1F22A61A51000F86B3F /* ImportExportService.swift in Sources */ = {isa = PBXBuildFile; fileRef = 47DBF1F02A61A51000F86B3F /* ImportExportService.swift */; };
		47FAA4C829EC830600DB606E /* BranchState.swift in Sources */ = {isa = PBXBuildFile; fileRef = 47FAA4C729EC830600DB606E /* BranchState.swift */; };
		47FAA4C929EC830600DB606E /* BranchState.swift in Sources */ = {isa = PBXBuildFile; fileRef = 47FAA4C729EC830600DB606E /* BranchState.swift */; };
		5036A0B7393E8C43AAF095A2 /* LBDrawingPKDrawingConversions.swift in Sources */ = {isa = PBXBuildFile; fileRef = 5036ACCA149F0864585B7D44 /* LBDrawingPKDrawingConversions.swift */; };
		5036A72711D09E92A5EE75B1 /* DrawingToolbar.swift in Sources */ = {isa = PBXBuildFile; fileRef = 5036AA70E675020A378AE98E /* DrawingToolbar.swift */; };
		6581A7EF74307EAE69426206 /* SheetState.swift in Sources */ = {isa = PBXBuildFile; fileRef = 6581AB54147C2201F8F95500 /* SheetState.swift */; };
		6581ABD3CA16395327F765E8 /* SheetState.swift in Sources */ = {isa = PBXBuildFile; fileRef = 6581AB54147C2201F8F95500 /* SheetState.swift */; };
		6581AC0512EDB9FBB7106020 /* MenuItems.swift in Sources */ = {isa = PBXBuildFile; fileRef = 6581A11CE95C74B01ED30AEB /* MenuItems.swift */; };
		870DC09F26BDE6F4002E9A92 /* SettingsView.swift in Sources */ = {isa = PBXBuildFile; fileRef = 870DC09E26BDE6F4002E9A92 /* SettingsView.swift */; };
		870DC0A226BF378F002E9A92 /* AccountSettingsView.swift in Sources */ = {isa = PBXBuildFile; fileRef = 870DC0A126BF378F002E9A92 /* AccountSettingsView.swift */; };
		870DC0A426BF37C0002E9A92 /* UsageSettingsView.swift in Sources */ = {isa = PBXBuildFile; fileRef = 870DC0A326BF37C0002E9A92 /* UsageSettingsView.swift */; };
		8715F92827161CC60051689E /* OnboardingView.swift in Sources */ = {isa = PBXBuildFile; fileRef = 8715F92727161CC60051689E /* OnboardingView.swift */; };
		8715F92927161CC60051689E /* OnboardingView.swift in Sources */ = {isa = PBXBuildFile; fileRef = 8715F92727161CC60051689E /* OnboardingView.swift */; };
		8715F92C271641CF0051689E /* Scanner.swift in Sources */ = {isa = PBXBuildFile; fileRef = 8715F92B271641CF0051689E /* Scanner.swift */; };
		872175F026F2850600A77C59 /* DocumentView.swift in Sources */ = {isa = PBXBuildFile; fileRef = 872175EF26F2850600A77C59 /* DocumentView.swift */; };
		872175F126F2850600A77C59 /* DocumentView.swift in Sources */ = {isa = PBXBuildFile; fileRef = 872175EF26F2850600A77C59 /* DocumentView.swift */; };
		873559BE26C31210008B3C36 /* SettingsView.swift in Sources */ = {isa = PBXBuildFile; fileRef = 873559BD26C31210008B3C36 /* SettingsView.swift */; };
		8737B2BE25D83EE600C93E09 /* DrawingView.swift in Sources */ = {isa = PBXBuildFile; fileRef = 8737B2BD25D83EE600C93E09 /* DrawingView.swift */; };
		8741E8E425AAA524005B7B01 /* BottomBar.swift in Sources */ = {isa = PBXBuildFile; fileRef = 8741E8E325AAA524005B7B01 /* BottomBar.swift */; };
		874A88F526D3E91900F010C8 /* DI.swift in Sources */ = {isa = PBXBuildFile; fileRef = 874A88F426D3E91900F010C8 /* DI.swift */; };
		874A88F626D3E91900F010C8 /* DI.swift in Sources */ = {isa = PBXBuildFile; fileRef = 874A88F426D3E91900F010C8 /* DI.swift */; };
		874A88F826D5453C00F010C8 /* ToolbarModel.swift in Sources */ = {isa = PBXBuildFile; fileRef = 874A88F726D5453C00F010C8 /* ToolbarModel.swift */; };
		877FB54A26D1788D0008AB3F /* CoreService.swift in Sources */ = {isa = PBXBuildFile; fileRef = 877FB54926D1788D0008AB3F /* CoreService.swift */; };
		877FB54B26D1788D0008AB3F /* CoreService.swift in Sources */ = {isa = PBXBuildFile; fileRef = 877FB54926D1788D0008AB3F /* CoreService.swift */; };
		877FB55026D17FD00008AB3F /* UnexpectedErrorService.swift in Sources */ = {isa = PBXBuildFile; fileRef = 877FB54F26D17FD00008AB3F /* UnexpectedErrorService.swift */; };
		877FB55126D17FD00008AB3F /* UnexpectedErrorService.swift in Sources */ = {isa = PBXBuildFile; fileRef = 877FB54F26D17FD00008AB3F /* UnexpectedErrorService.swift */; };
		877FB55326D1854E0008AB3F /* SyncService.swift in Sources */ = {isa = PBXBuildFile; fileRef = 877FB55226D1854E0008AB3F /* SyncService.swift */; };
		877FB55426D1854E0008AB3F /* SyncService.swift in Sources */ = {isa = PBXBuildFile; fileRef = 877FB55226D1854E0008AB3F /* SyncService.swift */; };
		877FB55626D18AA60008AB3F /* AccountService.swift in Sources */ = {isa = PBXBuildFile; fileRef = 877FB55526D18AA60008AB3F /* AccountService.swift */; };
		877FB55726D18AA60008AB3F /* AccountService.swift in Sources */ = {isa = PBXBuildFile; fileRef = 877FB55526D18AA60008AB3F /* AccountService.swift */; };
		877FB55926D18EC80008AB3F /* FileService.swift in Sources */ = {isa = PBXBuildFile; fileRef = 877FB55826D18EC80008AB3F /* FileService.swift */; };
		877FB55A26D18EC80008AB3F /* FileService.swift in Sources */ = {isa = PBXBuildFile; fileRef = 877FB55826D18EC80008AB3F /* FileService.swift */; };
		877FB55E26D1B8A10008AB3F /* LBDrawingPKDrawingConversions.swift in Sources */ = {isa = PBXBuildFile; fileRef = 5036ACCA149F0864585B7D44 /* LBDrawingPKDrawingConversions.swift */; };
		877FB56026D2C7D60008AB3F /* StatusService.swift in Sources */ = {isa = PBXBuildFile; fileRef = 877FB55F26D2C7D60008AB3F /* StatusService.swift */; };
		877FB56126D2C7D60008AB3F /* StatusService.swift in Sources */ = {isa = PBXBuildFile; fileRef = 877FB55F26D2C7D60008AB3F /* StatusService.swift */; };
		87BD383826C020B00030D2B1 /* SettingsService.swift in Sources */ = {isa = PBXBuildFile; fileRef = 87BD383726C020B00030D2B1 /* SettingsService.swift */; };
		87BD383926C020B00030D2B1 /* SettingsService.swift in Sources */ = {isa = PBXBuildFile; fileRef = 87BD383726C020B00030D2B1 /* SettingsService.swift */; };
		87F78F772709352C0001E159 /* LogoView.swift in Sources */ = {isa = PBXBuildFile; fileRef = 87F78F762709352C0001E159 /* LogoView.swift */; };
		87F78F782709352C0001E159 /* LogoView.swift in Sources */ = {isa = PBXBuildFile; fileRef = 87F78F762709352C0001E159 /* LogoView.swift */; };
		87F78F7A27094A040001E159 /* BeforeYouStart.swift in Sources */ = {isa = PBXBuildFile; fileRef = 87F78F7927094A040001E159 /* BeforeYouStart.swift */; };
		87F78F7B27094A040001E159 /* BeforeYouStart.swift in Sources */ = {isa = PBXBuildFile; fileRef = 87F78F7927094A040001E159 /* BeforeYouStart.swift */; };
		B217A97629661F3A002339E0 /* SwiftEditor in Frameworks */ = {isa = PBXBuildFile; productRef = B217A97529661F3A002339E0 /* SwiftEditor */; };
		B2459BED28DBB43100756D71 /* ColorProgressBar.swift in Sources */ = {isa = PBXBuildFile; fileRef = B2459BEC28DBB43100756D71 /* ColorProgressBar.swift */; };
		B2459BEE28DBB43100756D71 /* ColorProgressBar.swift in Sources */ = {isa = PBXBuildFile; fileRef = B2459BEC28DBB43100756D71 /* ColorProgressBar.swift */; };
		B249B9E5282AC03A004F5300 /* MoveSheet.swift in Sources */ = {isa = PBXBuildFile; fileRef = B249B9E4282AC03A004F5300 /* MoveSheet.swift */; };
		B249B9E7282AF4F4004F5300 /* FileTreeView.swift in Sources */ = {isa = PBXBuildFile; fileRef = B249B9E6282AF4F4004F5300 /* FileTreeView.swift */; };
		B249B9E8282AF6B1004F5300 /* OutlineBranch.swift in Sources */ = {isa = PBXBuildFile; fileRef = 8741E90E25AD1565005B7B01 /* OutlineBranch.swift */; };
		B249B9E9282AF6B4004F5300 /* OutlineSection.swift in Sources */ = {isa = PBXBuildFile; fileRef = 87F78F6E270785E00001E159 /* OutlineSection.swift */; };
		B249B9EC282AF6BC004F5300 /* OutlineRow.swift in Sources */ = {isa = PBXBuildFile; fileRef = EA349F0125BC7C110016241E /* OutlineRow.swift */; };
		B249B9ED282AF6BF004F5300 /* OutlineContextMenu.swift in Sources */ = {isa = PBXBuildFile; fileRef = 87F78F742708F1990001E159 /* OutlineContextMenu.swift */; };
		B249B9F2282C6241004F5300 /* FileTreeView.swift in Sources */ = {isa = PBXBuildFile; fileRef = B249B9F1282C6241004F5300 /* FileTreeView.swift */; };
		B249B9F5282FE566004F5300 /* DataSource.swift in Sources */ = {isa = PBXBuildFile; fileRef = B249B9F4282FE566004F5300 /* DataSource.swift */; };
		B257E5B72A7541820078DA44 /* logo.icns in Resources */ = {isa = PBXBuildFile; fileRef = B257E5B62A7541820078DA44 /* logo.icns */; };
		B257E5B82A7541820078DA44 /* logo.icns in Resources */ = {isa = PBXBuildFile; fileRef = B257E5B62A7541820078DA44 /* logo.icns */; };
		B273394F26C8B3EF00303EAE /* Media.xcassets in Resources */ = {isa = PBXBuildFile; fileRef = B273394E26C8B3EF00303EAE /* Media.xcassets */; };
		B2ADC2472833FA8200DB8D3D /* FileCell.swift in Sources */ = {isa = PBXBuildFile; fileRef = B2ADC2462833FA8200DB8D3D /* FileCell.swift */; };
		B2ADC2492835451000DB8D3D /* Introspect in Frameworks */ = {isa = PBXBuildFile; productRef = B2ADC2482835451000DB8D3D /* Introspect */; };
		B2B7E2E225C6411800B9EFAD /* OnboardingState.swift in Sources */ = {isa = PBXBuildFile; fileRef = B2B7E2E125C6411800B9EFAD /* OnboardingState.swift */; };
		B2B7E2E325C6411800B9EFAD /* OnboardingState.swift in Sources */ = {isa = PBXBuildFile; fileRef = B2B7E2E125C6411800B9EFAD /* OnboardingState.swift */; };
		B2ED84972835508100577A1B /* DocumentService.swift in Sources */ = {isa = PBXBuildFile; fileRef = B2ED84962835508100577A1B /* DocumentService.swift */; };
		B2ED84982835508100577A1B /* DocumentService.swift in Sources */ = {isa = PBXBuildFile; fileRef = B2ED84962835508100577A1B /* DocumentService.swift */; };
		B2FB627429AD672900F576A2 /* SwiftEditor in Frameworks */ = {isa = PBXBuildFile; productRef = B2FB627329AD672900F576A2 /* SwiftEditor */; };
		EA380B262561FAEF0021C4FA /* FileListView.swift in Sources */ = {isa = PBXBuildFile; fileRef = EA380B242561FAEF0021C4FA /* FileListView.swift */; };
		EA4559BE25169F7D003AD80A /* CodeScannerView.swift in Sources */ = {isa = PBXBuildFile; fileRef = EA4559BD25169F7D003AD80A /* CodeScannerView.swift */; };
		EA5C7D7B2516606100F7F358 /* LockbookApp.swift in Sources */ = {isa = PBXBuildFile; fileRef = EA5C7D682516605F00F7F358 /* LockbookApp.swift */; };
		EA5C7D7C2516606100F7F358 /* LockbookApp.swift in Sources */ = {isa = PBXBuildFile; fileRef = EA5C7D682516605F00F7F358 /* LockbookApp.swift */; };
		EA82B20C262652F700EE82B9 /* Introspect in Frameworks */ = {isa = PBXBuildFile; productRef = EA82B20B262652F700EE82B9 /* Introspect */; };
		EA831A552534E3C80048CE26 /* AppView.swift in Sources */ = {isa = PBXBuildFile; fileRef = EA831A542534E3C80048CE26 /* AppView.swift */; };
		EA831A562534E3C80048CE26 /* AppView.swift in Sources */ = {isa = PBXBuildFile; fileRef = EA831A542534E3C80048CE26 /* AppView.swift */; };
		EA9079C32569960A00E04F5D /* ListFileCell.swift in Sources */ = {isa = PBXBuildFile; fileRef = EA9079C22569960A00E04F5D /* ListFileCell.swift */; };
		EA9EEFD225FC058100E8C790 /* SwiftLockbookCore in Frameworks */ = {isa = PBXBuildFile; productRef = EA8C627B25EF091900330E27 /* SwiftLockbookCore */; };
		EA9EEFD525FC058200E8C790 /* SwiftLockbookCore in Frameworks */ = {isa = PBXBuildFile; productRef = EA14E81E2516655B00B9158C /* SwiftLockbookCore */; };
		EAAA10D925B3FD58005140EE /* BottomBar.swift in Sources */ = {isa = PBXBuildFile; fileRef = 8741E8E325AAA524005B7B01 /* BottomBar.swift */; };
		EAEDCD0B2516FC1C00EBE313 /* BookView.swift in Sources */ = {isa = PBXBuildFile; fileRef = EAEDCD0A2516FC1C00EBE313 /* BookView.swift */; };
		EAEDCD0C2516FC1C00EBE313 /* BookView.swift in Sources */ = {isa = PBXBuildFile; fileRef = EAEDCD0A2516FC1C00EBE313 /* BookView.swift */; };
		EAF96D0C252E8ED000AA1A14 /* ConfigHelper.swift in Sources */ = {isa = PBXBuildFile; fileRef = EAF96D0B252E8ED000AA1A14 /* ConfigHelper.swift */; };
		EAF96D0D252E8ED000AA1A14 /* ConfigHelper.swift in Sources */ = {isa = PBXBuildFile; fileRef = EAF96D0B252E8ED000AA1A14 /* ConfigHelper.swift */; };
/* End PBXBuildFile section */

/* Begin PBXContainerItemProxy section */
		B2063A5027D01BF900A0783C /* PBXContainerItemProxy */ = {
			isa = PBXContainerItemProxy;
			containerPortal = EA5C7D632516605F00F7F358 /* Project object */;
			proxyType = 1;
			remoteGlobalIDString = EA5C7D762516606000F7F358;
			remoteInfo = "Lockbook (macOS)";
		};
/* End PBXContainerItemProxy section */

/* Begin PBXCopyFilesBuildPhase section */
		4740D5A52A6879A0002A515A /* Embed Foundation Extensions */ = {
			isa = PBXCopyFilesBuildPhase;
			buildActionMask = 2147483647;
			dstPath = "";
			dstSubfolderSpec = 13;
			files = (
			);
			name = "Embed Foundation Extensions";
			runOnlyForDeploymentPostprocessing = 0;
		};
		47DBF25B2A61D5D600F86B3F /* Embed Foundation Extensions */ = {
			isa = PBXCopyFilesBuildPhase;
			buildActionMask = 2147483647;
			dstPath = "";
			dstSubfolderSpec = 13;
			files = (
			);
			name = "Embed Foundation Extensions";
			runOnlyForDeploymentPostprocessing = 0;
		};
/* End PBXCopyFilesBuildPhase section */

/* Begin PBXFileReference section */
		1F7E4FBE2521297D0045F606 /* Colors.swift */ = {isa = PBXFileReference; lastKnownFileType = sourcecode.swift; path = Colors.swift; sourceTree = "<group>"; };
		4709C76F29FDAAE9004449EF /* SuggestedDocs.swift */ = {isa = PBXFileReference; lastKnownFileType = sourcecode.swift; path = SuggestedDocs.swift; sourceTree = "<group>"; };
		4709DC37296609F100426106 /* PendingSharesView.swift */ = {isa = PBXFileReference; lastKnownFileType = sourcecode.swift; path = PendingSharesView.swift; sourceTree = "<group>"; };
		4709DC3D2966260500426106 /* AcceptShareSheet.swift */ = {isa = PBXFileReference; lastKnownFileType = sourcecode.swift; path = AcceptShareSheet.swift; sourceTree = "<group>"; };
		472F9EDD2A6C468A005F4785 /* Lockbook (iOS).entitlements */ = {isa = PBXFileReference; lastKnownFileType = text.plist.entitlements; path = "Lockbook (iOS).entitlements"; sourceTree = "<group>"; };
		473A3DCD29AC354B0017BC6A /* FilePathBreadcrumb.swift */ = {isa = PBXFileReference; lastKnownFileType = sourcecode.swift; path = FilePathBreadcrumb.swift; sourceTree = "<group>"; };
		4741C7902939C9220073F24F /* Products.storekit */ = {isa = PBXFileReference; lastKnownFileType = text; path = Products.storekit; sourceTree = "<group>"; };
		4756C4DA2A57CE86002C64B1 /* NewFolderSheet.swift */ = {isa = PBXFileReference; lastKnownFileType = sourcecode.swift; path = NewFolderSheet.swift; sourceTree = "<group>"; };
		4761F30E2A1832B4002ED338 /* ManageSubscription.swift */ = {isa = PBXFileReference; lastKnownFileType = sourcecode.swift; path = ManageSubscription.swift; sourceTree = "<group>"; };
		476436CB29B7DE4E00FBDC59 /* SearchService.swift */ = {isa = PBXFileReference; lastKnownFileType = sourcecode.swift; name = SearchService.swift; path = "Shared/Stateful Logic/SearchService.swift"; sourceTree = SOURCE_ROOT; };
		4772A43929E8656A0032D586 /* SearchWrapperView.swift */ = {isa = PBXFileReference; lastKnownFileType = sourcecode.swift; path = SearchWrapperView.swift; sourceTree = "<group>"; };
		477CC48F2967A53C00714456 /* ShareFileSheet.swift */ = {isa = PBXFileReference; lastKnownFileType = sourcecode.swift; path = ShareFileSheet.swift; sourceTree = "<group>"; };
		47A273022A5B922D0006DD7F /* DocumentTabView.swift */ = {isa = PBXFileReference; lastKnownFileType = sourcecode.swift; path = DocumentTabView.swift; sourceTree = "<group>"; };
		47A45FBA2969047B00573044 /* ShareService.swift */ = {isa = PBXFileReference; lastKnownFileType = sourcecode.swift; path = ShareService.swift; sourceTree = "<group>"; };
		47B53837290EFE150012E542 /* BillingService.swift */ = {isa = PBXFileReference; lastKnownFileType = sourcecode.swift; path = BillingService.swift; sourceTree = "<group>"; };
		47B67288295F977C00DB0D8E /* ManageSubscriptionView.swift */ = {isa = PBXFileReference; lastKnownFileType = sourcecode.swift; path = ManageSubscriptionView.swift; sourceTree = "<group>"; };
		47CEC69C2A182F2A0018FA5C /* UpgradeToPremium.swift */ = {isa = PBXFileReference; lastKnownFileType = sourcecode.swift; path = UpgradeToPremium.swift; sourceTree = "<group>"; };
		47DBF1F02A61A51000F86B3F /* ImportExportService.swift */ = {isa = PBXFileReference; lastKnownFileType = sourcecode.swift; path = ImportExportService.swift; sourceTree = "<group>"; };
		47DBF1F32A61CA5000F86B3F /* UIKit.framework */ = {isa = PBXFileReference; lastKnownFileType = wrapper.framework; name = UIKit.framework; path = Platforms/iPhoneOS.platform/Developer/SDKs/iPhoneOS16.4.sdk/System/Library/Frameworks/UIKit.framework; sourceTree = DEVELOPER_DIR; };
		47DBF2212A61D45600F86B3F /* AuthenticationServices.framework */ = {isa = PBXFileReference; lastKnownFileType = wrapper.framework; name = AuthenticationServices.framework; path = System/Library/Frameworks/AuthenticationServices.framework; sourceTree = SDKROOT; };
		47FAA4C729EC830600DB606E /* BranchState.swift */ = {isa = PBXFileReference; lastKnownFileType = sourcecode.swift; path = BranchState.swift; sourceTree = "<group>"; };
		5036AA70E675020A378AE98E /* DrawingToolbar.swift */ = {isa = PBXFileReference; fileEncoding = 4; lastKnownFileType = sourcecode.swift; path = DrawingToolbar.swift; sourceTree = "<group>"; };
		5036ACCA149F0864585B7D44 /* LBDrawingPKDrawingConversions.swift */ = {isa = PBXFileReference; fileEncoding = 4; lastKnownFileType = sourcecode.swift; path = LBDrawingPKDrawingConversions.swift; sourceTree = "<group>"; };
		6581A11CE95C74B01ED30AEB /* MenuItems.swift */ = {isa = PBXFileReference; fileEncoding = 4; lastKnownFileType = sourcecode.swift; path = MenuItems.swift; sourceTree = "<group>"; };
		6581AB54147C2201F8F95500 /* SheetState.swift */ = {isa = PBXFileReference; fileEncoding = 4; lastKnownFileType = sourcecode.swift; name = SheetState.swift; path = iOS/OutlineView/SheetState.swift; sourceTree = SOURCE_ROOT; };
		870DC09E26BDE6F4002E9A92 /* SettingsView.swift */ = {isa = PBXFileReference; lastKnownFileType = sourcecode.swift; path = SettingsView.swift; sourceTree = "<group>"; };
		870DC0A126BF378F002E9A92 /* AccountSettingsView.swift */ = {isa = PBXFileReference; lastKnownFileType = sourcecode.swift; path = AccountSettingsView.swift; sourceTree = "<group>"; };
		870DC0A326BF37C0002E9A92 /* UsageSettingsView.swift */ = {isa = PBXFileReference; lastKnownFileType = sourcecode.swift; path = UsageSettingsView.swift; sourceTree = "<group>"; };
		8715F92727161CC60051689E /* OnboardingView.swift */ = {isa = PBXFileReference; lastKnownFileType = sourcecode.swift; path = OnboardingView.swift; sourceTree = "<group>"; };
		8715F92B271641CF0051689E /* Scanner.swift */ = {isa = PBXFileReference; lastKnownFileType = sourcecode.swift; path = Scanner.swift; sourceTree = "<group>"; };
		872175EF26F2850600A77C59 /* DocumentView.swift */ = {isa = PBXFileReference; lastKnownFileType = sourcecode.swift; path = DocumentView.swift; sourceTree = "<group>"; };
		873559BD26C31210008B3C36 /* SettingsView.swift */ = {isa = PBXFileReference; lastKnownFileType = sourcecode.swift; path = SettingsView.swift; sourceTree = "<group>"; };
		8737B2BD25D83EE600C93E09 /* DrawingView.swift */ = {isa = PBXFileReference; lastKnownFileType = sourcecode.swift; path = DrawingView.swift; sourceTree = "<group>"; };
		8741E8E325AAA524005B7B01 /* BottomBar.swift */ = {isa = PBXFileReference; lastKnownFileType = sourcecode.swift; path = BottomBar.swift; sourceTree = "<group>"; };
		8741E8F925ACBCF9005B7B01 /* FileListView.swift */ = {isa = PBXFileReference; lastKnownFileType = sourcecode.swift; path = FileListView.swift; sourceTree = "<group>"; };
		8741E90E25AD1565005B7B01 /* OutlineBranch.swift */ = {isa = PBXFileReference; lastKnownFileType = sourcecode.swift; path = OutlineBranch.swift; sourceTree = "<group>"; };
		874A88F426D3E91900F010C8 /* DI.swift */ = {isa = PBXFileReference; lastKnownFileType = sourcecode.swift; path = DI.swift; sourceTree = "<group>"; };
		874A88F726D5453C00F010C8 /* ToolbarModel.swift */ = {isa = PBXFileReference; lastKnownFileType = sourcecode.swift; path = ToolbarModel.swift; sourceTree = "<group>"; };
		877FB54926D1788D0008AB3F /* CoreService.swift */ = {isa = PBXFileReference; lastKnownFileType = sourcecode.swift; path = CoreService.swift; sourceTree = "<group>"; };
		877FB54F26D17FD00008AB3F /* UnexpectedErrorService.swift */ = {isa = PBXFileReference; lastKnownFileType = sourcecode.swift; path = UnexpectedErrorService.swift; sourceTree = "<group>"; };
		877FB55226D1854E0008AB3F /* SyncService.swift */ = {isa = PBXFileReference; lastKnownFileType = sourcecode.swift; path = SyncService.swift; sourceTree = "<group>"; };
		877FB55526D18AA60008AB3F /* AccountService.swift */ = {isa = PBXFileReference; lastKnownFileType = sourcecode.swift; path = AccountService.swift; sourceTree = "<group>"; };
		877FB55826D18EC80008AB3F /* FileService.swift */ = {isa = PBXFileReference; lastKnownFileType = sourcecode.swift; path = FileService.swift; sourceTree = "<group>"; };
		877FB55F26D2C7D60008AB3F /* StatusService.swift */ = {isa = PBXFileReference; lastKnownFileType = sourcecode.swift; path = StatusService.swift; sourceTree = "<group>"; };
		87BD383726C020B00030D2B1 /* SettingsService.swift */ = {isa = PBXFileReference; lastKnownFileType = sourcecode.swift; path = SettingsService.swift; sourceTree = "<group>"; };
		87F78F6E270785E00001E159 /* OutlineSection.swift */ = {isa = PBXFileReference; lastKnownFileType = sourcecode.swift; path = OutlineSection.swift; sourceTree = "<group>"; };
		87F78F742708F1990001E159 /* OutlineContextMenu.swift */ = {isa = PBXFileReference; lastKnownFileType = sourcecode.swift; path = OutlineContextMenu.swift; sourceTree = "<group>"; };
		87F78F762709352C0001E159 /* LogoView.swift */ = {isa = PBXFileReference; lastKnownFileType = sourcecode.swift; path = LogoView.swift; sourceTree = "<group>"; };
		87F78F7927094A040001E159 /* BeforeYouStart.swift */ = {isa = PBXFileReference; lastKnownFileType = sourcecode.swift; path = BeforeYouStart.swift; sourceTree = "<group>"; };
		B2063A4C27D01BF900A0783C /* EditorTests.xctest */ = {isa = PBXFileReference; explicitFileType = wrapper.cfbundle; includeInIndex = 0; path = EditorTests.xctest; sourceTree = BUILT_PRODUCTS_DIR; };
		B2063A5627D01CAA00A0783C /* Lockbook (macOS)Development.entitlements */ = {isa = PBXFileReference; lastKnownFileType = text.plist.entitlements; path = "Lockbook (macOS)Development.entitlements"; sourceTree = "<group>"; };
		B217A97429661F21002339E0 /* SwiftEditor */ = {isa = PBXFileReference; lastKnownFileType = wrapper; name = SwiftEditor; path = ../../libs/content/editor/SwiftEditor; sourceTree = "<group>"; };
		B2459BEC28DBB43100756D71 /* ColorProgressBar.swift */ = {isa = PBXFileReference; lastKnownFileType = sourcecode.swift; path = ColorProgressBar.swift; sourceTree = "<group>"; };
		B249B9E4282AC03A004F5300 /* MoveSheet.swift */ = {isa = PBXFileReference; lastKnownFileType = sourcecode.swift; path = MoveSheet.swift; sourceTree = "<group>"; };
		B249B9E6282AF4F4004F5300 /* FileTreeView.swift */ = {isa = PBXFileReference; lastKnownFileType = sourcecode.swift; path = FileTreeView.swift; sourceTree = "<group>"; };
		B249B9F1282C6241004F5300 /* FileTreeView.swift */ = {isa = PBXFileReference; lastKnownFileType = sourcecode.swift; path = FileTreeView.swift; sourceTree = "<group>"; };
		B249B9F4282FE566004F5300 /* DataSource.swift */ = {isa = PBXFileReference; lastKnownFileType = sourcecode.swift; path = DataSource.swift; sourceTree = "<group>"; };
		B257E5B62A7541820078DA44 /* logo.icns */ = {isa = PBXFileReference; lastKnownFileType = image.icns; path = logo.icns; sourceTree = "<group>"; };
		B273394C26C8A4B400303EAE /* Assets.xcassets */ = {isa = PBXFileReference; lastKnownFileType = folder.assetcatalog; path = Assets.xcassets; sourceTree = "<group>"; };
		B273394E26C8B3EF00303EAE /* Media.xcassets */ = {isa = PBXFileReference; lastKnownFileType = folder.assetcatalog; path = Media.xcassets; sourceTree = "<group>"; };
		B2ADC2462833FA8200DB8D3D /* FileCell.swift */ = {isa = PBXFileReference; lastKnownFileType = sourcecode.swift; path = FileCell.swift; sourceTree = "<group>"; };
		B2B7E2E125C6411800B9EFAD /* OnboardingState.swift */ = {isa = PBXFileReference; lastKnownFileType = sourcecode.swift; path = OnboardingState.swift; sourceTree = "<group>"; };
		B2ED84962835508100577A1B /* DocumentService.swift */ = {isa = PBXFileReference; lastKnownFileType = sourcecode.swift; path = DocumentService.swift; sourceTree = "<group>"; };
		EA349F0125BC7C110016241E /* OutlineRow.swift */ = {isa = PBXFileReference; lastKnownFileType = sourcecode.swift; path = OutlineRow.swift; sourceTree = "<group>"; };
		EA380B242561FAEF0021C4FA /* FileListView.swift */ = {isa = PBXFileReference; fileEncoding = 4; lastKnownFileType = sourcecode.swift; path = FileListView.swift; sourceTree = "<group>"; };
		EA4559BD25169F7D003AD80A /* CodeScannerView.swift */ = {isa = PBXFileReference; lastKnownFileType = sourcecode.swift; path = CodeScannerView.swift; sourceTree = "<group>"; };
		EA5C7D682516605F00F7F358 /* LockbookApp.swift */ = {isa = PBXFileReference; lastKnownFileType = sourcecode.swift; path = LockbookApp.swift; sourceTree = "<group>"; };
		EA5C7D6F2516606000F7F358 /* Lockbook.app */ = {isa = PBXFileReference; explicitFileType = wrapper.application; includeInIndex = 0; path = Lockbook.app; sourceTree = BUILT_PRODUCTS_DIR; };
		EA5C7D722516606000F7F358 /* Info.plist */ = {isa = PBXFileReference; lastKnownFileType = text.plist.xml; path = Info.plist; sourceTree = "<group>"; };
		EA5C7D772516606000F7F358 /* Lockbook.app */ = {isa = PBXFileReference; explicitFileType = wrapper.application; includeInIndex = 0; path = Lockbook.app; sourceTree = BUILT_PRODUCTS_DIR; };
		EA5C7D792516606100F7F358 /* Info.plist */ = {isa = PBXFileReference; lastKnownFileType = text.plist.xml; path = Info.plist; sourceTree = "<group>"; };
		EA5C7D7A2516606100F7F358 /* macOS.entitlements */ = {isa = PBXFileReference; lastKnownFileType = text.plist.entitlements; path = macOS.entitlements; sourceTree = "<group>"; };
		EA831A542534E3C80048CE26 /* AppView.swift */ = {isa = PBXFileReference; lastKnownFileType = sourcecode.swift; path = AppView.swift; sourceTree = "<group>"; };
		EA9079C22569960A00E04F5D /* ListFileCell.swift */ = {isa = PBXFileReference; lastKnownFileType = sourcecode.swift; path = ListFileCell.swift; sourceTree = "<group>"; };
		EAD401DB25E32CD50083A236 /* Notepad */ = {isa = PBXFileReference; lastKnownFileType = folder; name = Notepad; path = "/Users/raayanpillai/Library/Developer/Xcode/DerivedData/Lockbook-asqnugeyohispqhixjzcyqkvmhjn/SourcePackages/checkouts/Notepad"; sourceTree = "<absolute>"; };
		EADA116125336BA1005F69DB /* Development.xcconfig */ = {isa = PBXFileReference; lastKnownFileType = text.xcconfig; path = Development.xcconfig; sourceTree = "<group>"; };
		EAEDCD0A2516FC1C00EBE313 /* BookView.swift */ = {isa = PBXFileReference; lastKnownFileType = sourcecode.swift; path = BookView.swift; sourceTree = "<group>"; };
		EAF96D0B252E8ED000AA1A14 /* ConfigHelper.swift */ = {isa = PBXFileReference; lastKnownFileType = sourcecode.swift; path = ConfigHelper.swift; sourceTree = "<group>"; };
		EAF96D12252E8F3000AA1A14 /* Production.xcconfig */ = {isa = PBXFileReference; lastKnownFileType = text.xcconfig; path = Production.xcconfig; sourceTree = "<group>"; };
/* End PBXFileReference section */

/* Begin PBXFrameworksBuildPhase section */
		B2063A4927D01BF900A0783C /* Frameworks */ = {
			isa = PBXFrameworksBuildPhase;
			buildActionMask = 2147483647;
			files = (
			);
			runOnlyForDeploymentPostprocessing = 0;
		};
		EA5C7D6C2516606000F7F358 /* Frameworks */ = {
			isa = PBXFrameworksBuildPhase;
			buildActionMask = 2147483647;
			files = (
				EA82B20C262652F700EE82B9 /* Introspect in Frameworks */,
				47B041F32905BFB100A02DA7 /* AlertToast in Frameworks */,
				EA9EEFD225FC058100E8C790 /* SwiftLockbookCore in Frameworks */,
				B2FB627429AD672900F576A2 /* SwiftEditor in Frameworks */,
			);
			runOnlyForDeploymentPostprocessing = 0;
		};
		EA5C7D742516606000F7F358 /* Frameworks */ = {
			isa = PBXFrameworksBuildPhase;
			buildActionMask = 2147483647;
			files = (
				47B041F52905BFF100A02DA7 /* AlertToast in Frameworks */,
				B2ADC2492835451000DB8D3D /* Introspect in Frameworks */,
				EA9EEFD525FC058200E8C790 /* SwiftLockbookCore in Frameworks */,
				47159F4629CFA05B00969DDF /* DSFQuickActionBar in Frameworks */,
				B217A97629661F3A002339E0 /* SwiftEditor in Frameworks */,
			);
			runOnlyForDeploymentPostprocessing = 0;
		};
/* End PBXFrameworksBuildPhase section */

/* Begin PBXGroup section */
		870DC0A026BF3775002E9A92 /* Settings */ = {
			isa = PBXGroup;
			children = (
				870DC09E26BDE6F4002E9A92 /* SettingsView.swift */,
				870DC0A126BF378F002E9A92 /* AccountSettingsView.swift */,
				870DC0A326BF37C0002E9A92 /* UsageSettingsView.swift */,
				47B67288295F977C00DB0D8E /* ManageSubscriptionView.swift */,
			);
			path = Settings;
			sourceTree = "<group>";
		};
		8783B0EB25F6CD8700084006 /* Drawing */ = {
			isa = PBXGroup;
			children = (
				8737B2BD25D83EE600C93E09 /* DrawingView.swift */,
				5036AA70E675020A378AE98E /* DrawingToolbar.swift */,
			);
			path = Drawing;
			sourceTree = "<group>";
		};
		87C118ED25C5F12600D28A04 /* Stateful Logic */ = {
			isa = PBXGroup;
			children = (
				B2B7E2E125C6411800B9EFAD /* OnboardingState.swift */,
				87BD383726C020B00030D2B1 /* SettingsService.swift */,
				476436CB29B7DE4E00FBDC59 /* SearchService.swift */,
				877FB54926D1788D0008AB3F /* CoreService.swift */,
				877FB54F26D17FD00008AB3F /* UnexpectedErrorService.swift */,
				47A45FBA2969047B00573044 /* ShareService.swift */,
				877FB55226D1854E0008AB3F /* SyncService.swift */,
				47FAA4C729EC830600DB606E /* BranchState.swift */,
				47DBF1F02A61A51000F86B3F /* ImportExportService.swift */,
				877FB55526D18AA60008AB3F /* AccountService.swift */,
				877FB55826D18EC80008AB3F /* FileService.swift */,
				5036ACCA149F0864585B7D44 /* LBDrawingPKDrawingConversions.swift */,
				877FB55F26D2C7D60008AB3F /* StatusService.swift */,
				874A88F426D3E91900F010C8 /* DI.swift */,
				874A88F726D5453C00F010C8 /* ToolbarModel.swift */,
				6581AB54147C2201F8F95500 /* SheetState.swift */,
				B2ED84962835508100577A1B /* DocumentService.swift */,
				47B53837290EFE150012E542 /* BillingService.swift */,
			);
			path = "Stateful Logic";
			sourceTree = "<group>";
		};
		87F78F6D270783710001E159 /* OutlineView */ = {
			isa = PBXGroup;
			children = (
				87F78F6E270785E00001E159 /* OutlineSection.swift */,
				8741E90E25AD1565005B7B01 /* OutlineBranch.swift */,
				EA349F0125BC7C110016241E /* OutlineRow.swift */,
				87F78F742708F1990001E159 /* OutlineContextMenu.swift */,
			);
			path = OutlineView;
			sourceTree = "<group>";
		};
		B217A97329661F21002339E0 /* Packages */ = {
			isa = PBXGroup;
			children = (
				B217A97429661F21002339E0 /* SwiftEditor */,
			);
			name = Packages;
			sourceTree = "<group>";
		};
		B249B9F3282FE532004F5300 /* TreeView */ = {
			isa = PBXGroup;
			children = (
				B249B9F1282C6241004F5300 /* FileTreeView.swift */,
				B249B9F4282FE566004F5300 /* DataSource.swift */,
				B2ADC2462833FA8200DB8D3D /* FileCell.swift */,
				6581A11CE95C74B01ED30AEB /* MenuItems.swift */,
			);
			path = TreeView;
			sourceTree = "<group>";
		};
		EA14E8172516643400B9158C /* Frameworks */ = {
			isa = PBXGroup;
			children = (
				47DBF1F32A61CA5000F86B3F /* UIKit.framework */,
				EAD401DB25E32CD50083A236 /* Notepad */,
				47DBF2212A61D45600F86B3F /* AuthenticationServices.framework */,
			);
			name = Frameworks;
			sourceTree = "<group>";
		};
		EA5C7D622516605F00F7F358 = {
			isa = PBXGroup;
			children = (
				472F9EDD2A6C468A005F4785 /* Lockbook (iOS).entitlements */,
				B217A97329661F21002339E0 /* Packages */,
				B2063A5627D01CAA00A0783C /* Lockbook (macOS)Development.entitlements */,
				EA5C7D672516605F00F7F358 /* Shared */,
				EA5C7D712516606000F7F358 /* iOS */,
				EA5C7D782516606100F7F358 /* macOS */,
				EA5C7D702516606000F7F358 /* Products */,
				EA14E8172516643400B9158C /* Frameworks */,
			);
			sourceTree = "<group>";
		};
		EA5C7D672516605F00F7F358 /* Shared */ = {
			isa = PBXGroup;
			children = (
				87C118ED25C5F12600D28A04 /* Stateful Logic */,
				EADE1A5725352E5D00710996 /* Views */,
				EAF96D0A252E8EB200AA1A14 /* Config */,
				EA5C7D682516605F00F7F358 /* LockbookApp.swift */,
				B257E5B62A7541820078DA44 /* logo.icns */,
				4741C7902939C9220073F24F /* Products.storekit */,
			);
			path = Shared;
			sourceTree = "<group>";
		};
		EA5C7D702516606000F7F358 /* Products */ = {
			isa = PBXGroup;
			children = (
				EA5C7D6F2516606000F7F358 /* Lockbook.app */,
				EA5C7D772516606000F7F358 /* Lockbook.app */,
				B2063A4C27D01BF900A0783C /* EditorTests.xctest */,
			);
			name = Products;
			sourceTree = "<group>";
		};
		EA5C7D712516606000F7F358 /* iOS */ = {
			isa = PBXGroup;
			children = (
				87F78F6D270783710001E159 /* OutlineView */,
				8783B0EB25F6CD8700084006 /* Drawing */,
				EA380B242561FAEF0021C4FA /* FileListView.swift */,
				EA4559BD25169F7D003AD80A /* CodeScannerView.swift */,
				EA5C7D722516606000F7F358 /* Info.plist */,
				873559BD26C31210008B3C36 /* SettingsView.swift */,
				B273394C26C8A4B400303EAE /* Assets.xcassets */,
				8715F92B271641CF0051689E /* Scanner.swift */,
				B249B9E4282AC03A004F5300 /* MoveSheet.swift */,
				B249B9E6282AF4F4004F5300 /* FileTreeView.swift */,
				473A3DCD29AC354B0017BC6A /* FilePathBreadcrumb.swift */,
			);
			path = iOS;
			sourceTree = "<group>";
		};
		EA5C7D782516606100F7F358 /* macOS */ = {
			isa = PBXGroup;
			children = (
				B249B9F3282FE532004F5300 /* TreeView */,
				870DC0A026BF3775002E9A92 /* Settings */,
				8741E8F925ACBCF9005B7B01 /* FileListView.swift */,
				EA5C7D792516606100F7F358 /* Info.plist */,
				EA5C7D7A2516606100F7F358 /* macOS.entitlements */,
				B273394E26C8B3EF00303EAE /* Media.xcassets */,
				47CEC69C2A182F2A0018FA5C /* UpgradeToPremium.swift */,
			);
			path = macOS;
			sourceTree = "<group>";
		};
		EADE1A5725352E5D00710996 /* Views */ = {
			isa = PBXGroup;
			children = (
				87F78F7927094A040001E159 /* BeforeYouStart.swift */,
				EAEDCD0A2516FC1C00EBE313 /* BookView.swift */,
				EA831A542534E3C80048CE26 /* AppView.swift */,
				4772A43929E8656A0032D586 /* SearchWrapperView.swift */,
				8741E8E325AAA524005B7B01 /* BottomBar.swift */,
				47A273022A5B922D0006DD7F /* DocumentTabView.swift */,
				477CC48F2967A53C00714456 /* ShareFileSheet.swift */,
				4709DC3D2966260500426106 /* AcceptShareSheet.swift */,
				4756C4DA2A57CE86002C64B1 /* NewFolderSheet.swift */,
				EA9079C22569960A00E04F5D /* ListFileCell.swift */,
				872175EF26F2850600A77C59 /* DocumentView.swift */,
				87F78F762709352C0001E159 /* LogoView.swift */,
				8715F92727161CC60051689E /* OnboardingView.swift */,
				B2459BEC28DBB43100756D71 /* ColorProgressBar.swift */,
				4709DC37296609F100426106 /* PendingSharesView.swift */,
				4709C76F29FDAAE9004449EF /* SuggestedDocs.swift */,
				4761F30E2A1832B4002ED338 /* ManageSubscription.swift */,
			);
			path = Views;
			sourceTree = "<group>";
		};
		EAF96D0A252E8EB200AA1A14 /* Config */ = {
			isa = PBXGroup;
			children = (
				EADA116125336BA1005F69DB /* Development.xcconfig */,
				EAF96D12252E8F3000AA1A14 /* Production.xcconfig */,
				EAF96D0B252E8ED000AA1A14 /* ConfigHelper.swift */,
				1F7E4FBE2521297D0045F606 /* Colors.swift */,
			);
			path = Config;
			sourceTree = "<group>";
		};
/* End PBXGroup section */

/* Begin PBXNativeTarget section */
		B2063A4B27D01BF900A0783C /* EditorTests */ = {
			isa = PBXNativeTarget;
			buildConfigurationList = B2063A5227D01BF900A0783C /* Build configuration list for PBXNativeTarget "EditorTests" */;
			buildPhases = (
				B2063A4827D01BF900A0783C /* Sources */,
				B2063A4927D01BF900A0783C /* Frameworks */,
				B2063A4A27D01BF900A0783C /* Resources */,
			);
			buildRules = (
			);
			dependencies = (
				B2063A5127D01BF900A0783C /* PBXTargetDependency */,
			);
			name = EditorTests;
			productName = EditorTests;
			productReference = B2063A4C27D01BF900A0783C /* EditorTests.xctest */;
			productType = "com.apple.product-type.bundle.unit-test";
		};
		EA5C7D6E2516606000F7F358 /* Lockbook (iOS) */ = {
			isa = PBXNativeTarget;
			buildConfigurationList = EA5C7D832516606100F7F358 /* Build configuration list for PBXNativeTarget "Lockbook (iOS)" */;
			buildPhases = (
				EA5C7D6B2516606000F7F358 /* Sources */,
				EA5C7D6C2516606000F7F358 /* Frameworks */,
				EA5C7D6D2516606000F7F358 /* Resources */,
				4740D5A52A6879A0002A515A /* Embed Foundation Extensions */,
			);
			buildRules = (
			);
			dependencies = (
			);
			name = "Lockbook (iOS)";
			packageProductDependencies = (
				EA8C627B25EF091900330E27 /* SwiftLockbookCore */,
				EA82B20B262652F700EE82B9 /* Introspect */,
				47B041F22905BFB100A02DA7 /* AlertToast */,
				B2FB627329AD672900F576A2 /* SwiftEditor */,
			);
			productName = "Lockbook (iOS)";
			productReference = EA5C7D6F2516606000F7F358 /* Lockbook.app */;
			productType = "com.apple.product-type.application";
		};
		EA5C7D762516606000F7F358 /* Lockbook (macOS) */ = {
			isa = PBXNativeTarget;
			buildConfigurationList = EA5C7D862516606100F7F358 /* Build configuration list for PBXNativeTarget "Lockbook (macOS)" */;
			buildPhases = (
				EA5C7D732516606000F7F358 /* Sources */,
				EA5C7D742516606000F7F358 /* Frameworks */,
				EA5C7D752516606000F7F358 /* Resources */,
				47DBF25B2A61D5D600F86B3F /* Embed Foundation Extensions */,
			);
			buildRules = (
			);
			dependencies = (
			);
			name = "Lockbook (macOS)";
			packageProductDependencies = (
				EA14E81E2516655B00B9158C /* SwiftLockbookCore */,
				B2ADC2482835451000DB8D3D /* Introspect */,
				47B041F42905BFF100A02DA7 /* AlertToast */,
				B217A97529661F3A002339E0 /* SwiftEditor */,
				47159F4529CFA05B00969DDF /* DSFQuickActionBar */,
			);
			productName = "Lockbook (macOS)";
			productReference = EA5C7D772516606000F7F358 /* Lockbook.app */;
			productType = "com.apple.product-type.application";
		};
/* End PBXNativeTarget section */

/* Begin PBXProject section */
		EA5C7D632516605F00F7F358 /* Project object */ = {
			isa = PBXProject;
			attributes = {
				LastSwiftUpdateCheck = 1430;
				LastUpgradeCheck = 1400;
				TargetAttributes = {
					B2063A4B27D01BF900A0783C = {
						CreatedOnToolsVersion = 13.1;
						TestTargetID = EA5C7D762516606000F7F358;
					};
					EA5C7D6E2516606000F7F358 = {
						CreatedOnToolsVersion = 12.2;
					};
					EA5C7D762516606000F7F358 = {
						CreatedOnToolsVersion = 12.2;
					};
				};
			};
			buildConfigurationList = EA5C7D662516605F00F7F358 /* Build configuration list for PBXProject "Lockbook" */;
			compatibilityVersion = "Xcode 9.3";
			developmentRegion = en;
			hasScannedForEncodings = 0;
			knownRegions = (
				en,
				Base,
			);
			mainGroup = EA5C7D622516605F00F7F358;
			packageReferences = (
				EA82B20A262652F600EE82B9 /* XCRemoteSwiftPackageReference "SwiftUI-Introspect" */,
				8794F43627D9525200B1B7EB /* XCRemoteSwiftPackageReference "Down" */,
				47B041F12905BFB100A02DA7 /* XCRemoteSwiftPackageReference "AlertToast" */,
				47159F4429CFA05B00969DDF /* XCRemoteSwiftPackageReference "DSFQuickActionBar" */,
			);
			productRefGroup = EA5C7D702516606000F7F358 /* Products */;
			projectDirPath = "";
			projectRoot = "";
			targets = (
				EA5C7D6E2516606000F7F358 /* Lockbook (iOS) */,
				EA5C7D762516606000F7F358 /* Lockbook (macOS) */,
				B2063A4B27D01BF900A0783C /* EditorTests */,
			);
		};
/* End PBXProject section */

/* Begin PBXResourcesBuildPhase section */
		B2063A4A27D01BF900A0783C /* Resources */ = {
			isa = PBXResourcesBuildPhase;
			buildActionMask = 2147483647;
			files = (
			);
			runOnlyForDeploymentPostprocessing = 0;
		};
		EA5C7D6D2516606000F7F358 /* Resources */ = {
			isa = PBXResourcesBuildPhase;
			buildActionMask = 2147483647;
			files = (
				47837E292A72EA7500863FA4 /* Assets.xcassets in Resources */,
				B257E5B72A7541820078DA44 /* logo.icns in Resources */,
			);
			runOnlyForDeploymentPostprocessing = 0;
		};
		EA5C7D752516606000F7F358 /* Resources */ = {
			isa = PBXResourcesBuildPhase;
			buildActionMask = 2147483647;
			files = (
				B273394F26C8B3EF00303EAE /* Media.xcassets in Resources */,
				B257E5B82A7541820078DA44 /* logo.icns in Resources */,
			);
			runOnlyForDeploymentPostprocessing = 0;
		};
/* End PBXResourcesBuildPhase section */

/* Begin PBXSourcesBuildPhase section */
		B2063A4827D01BF900A0783C /* Sources */ = {
			isa = PBXSourcesBuildPhase;
			buildActionMask = 2147483647;
			files = (
			);
			runOnlyForDeploymentPostprocessing = 0;
		};
		EA5C7D6B2516606000F7F358 /* Sources */ = {
			isa = PBXSourcesBuildPhase;
			buildActionMask = 2147483647;
			files = (
				47B53838290EFE150012E542 /* BillingService.swift in Sources */,
				87F78F772709352C0001E159 /* LogoView.swift in Sources */,
				B2ED84972835508100577A1B /* DocumentService.swift in Sources */,
				EA831A552534E3C80048CE26 /* AppView.swift in Sources */,
				EA380B262561FAEF0021C4FA /* FileListView.swift in Sources */,
				4709C77029FDAAE9004449EF /* SuggestedDocs.swift in Sources */,
				4772A43A29E8656A0032D586 /* SearchWrapperView.swift in Sources */,
				877FB54A26D1788D0008AB3F /* CoreService.swift in Sources */,
				877FB55926D18EC80008AB3F /* FileService.swift in Sources */,
				1F7E4FBF2521297D0045F606 /* Colors.swift in Sources */,
				B2B7E2E225C6411800B9EFAD /* OnboardingState.swift in Sources */,
				B249B9E5282AC03A004F5300 /* MoveSheet.swift in Sources */,
				87BD383826C020B00030D2B1 /* SettingsService.swift in Sources */,
				B249B9ED282AF6BF004F5300 /* OutlineContextMenu.swift in Sources */,
				8715F92827161CC60051689E /* OnboardingView.swift in Sources */,
				47FAA4C829EC830600DB606E /* BranchState.swift in Sources */,
				4756C4DB2A57CE86002C64B1 /* NewFolderSheet.swift in Sources */,
				877FB56026D2C7D60008AB3F /* StatusService.swift in Sources */,
				EA9079C32569960A00E04F5D /* ListFileCell.swift in Sources */,
				87F78F7A27094A040001E159 /* BeforeYouStart.swift in Sources */,
				8741E8E425AAA524005B7B01 /* BottomBar.swift in Sources */,
				47A273032A5B922D0006DD7F /* DocumentTabView.swift in Sources */,
				8737B2BE25D83EE600C93E09 /* DrawingView.swift in Sources */,
				B249B9E8282AF6B1004F5300 /* OutlineBranch.swift in Sources */,
				473A3DCE29AC354B0017BC6A /* FilePathBreadcrumb.swift in Sources */,
				EA4559BE25169F7D003AD80A /* CodeScannerView.swift in Sources */,
				EAEDCD0B2516FC1C00EBE313 /* BookView.swift in Sources */,
				873559BE26C31210008B3C36 /* SettingsView.swift in Sources */,
				874A88F826D5453C00F010C8 /* ToolbarModel.swift in Sources */,
				B2459BED28DBB43100756D71 /* ColorProgressBar.swift in Sources */,
				4709DC38296609F100426106 /* PendingSharesView.swift in Sources */,
				B249B9E9282AF6B4004F5300 /* OutlineSection.swift in Sources */,
				EA5C7D7B2516606100F7F358 /* LockbookApp.swift in Sources */,
				8715F92C271641CF0051689E /* Scanner.swift in Sources */,
				874A88F526D3E91900F010C8 /* DI.swift in Sources */,
				B249B9EC282AF6BC004F5300 /* OutlineRow.swift in Sources */,
				EAF96D0C252E8ED000AA1A14 /* ConfigHelper.swift in Sources */,
				4761F30F2A1832B4002ED338 /* ManageSubscription.swift in Sources */,
				877FB55326D1854E0008AB3F /* SyncService.swift in Sources */,
				B249B9E7282AF4F4004F5300 /* FileTreeView.swift in Sources */,
				47A45FBB2969047B00573044 /* ShareService.swift in Sources */,
				877FB55026D17FD00008AB3F /* UnexpectedErrorService.swift in Sources */,
				476436CC29B7DE4E00FBDC59 /* SearchService.swift in Sources */,
				877FB55626D18AA60008AB3F /* AccountService.swift in Sources */,
				5036A72711D09E92A5EE75B1 /* DrawingToolbar.swift in Sources */,
				5036A0B7393E8C43AAF095A2 /* LBDrawingPKDrawingConversions.swift in Sources */,
				872175F026F2850600A77C59 /* DocumentView.swift in Sources */,
				4709DC3E2966260500426106 /* AcceptShareSheet.swift in Sources */,
				6581ABD3CA16395327F765E8 /* SheetState.swift in Sources */,
				477CC4902967A53C00714456 /* ShareFileSheet.swift in Sources */,
				47DBF1F12A61A51000F86B3F /* ImportExportService.swift in Sources */,
			);
			runOnlyForDeploymentPostprocessing = 0;
		};
		EA5C7D732516606000F7F358 /* Sources */ = {
			isa = PBXSourcesBuildPhase;
			buildActionMask = 2147483647;
			files = (
				4709C77129FDAAE9004449EF /* SuggestedDocs.swift in Sources */,
				47B67289295F977C00DB0D8E /* ManageSubscriptionView.swift in Sources */,
				877FB55E26D1B8A10008AB3F /* LBDrawingPKDrawingConversions.swift in Sources */,
				87BD383926C020B00030D2B1 /* SettingsService.swift in Sources */,
				B2B7E2E325C6411800B9EFAD /* OnboardingState.swift in Sources */,
				476436CD29B7DE4E00FBDC59 /* SearchService.swift in Sources */,
				877FB55126D17FD00008AB3F /* UnexpectedErrorService.swift in Sources */,
				877FB54B26D1788D0008AB3F /* CoreService.swift in Sources */,
				87F78F782709352C0001E159 /* LogoView.swift in Sources */,
				47CEC69D2A182F2A0018FA5C /* UpgradeToPremium.swift in Sources */,
				EA831A562534E3C80048CE26 /* AppView.swift in Sources */,
				47DBF1F22A61A51000F86B3F /* ImportExportService.swift in Sources */,
				874A88F626D3E91900F010C8 /* DI.swift in Sources */,
				477CC4912967A53C00714456 /* ShareFileSheet.swift in Sources */,
				872175F126F2850600A77C59 /* DocumentView.swift in Sources */,
				4709DC3F2966260500426106 /* AcceptShareSheet.swift in Sources */,
				8715F92927161CC60051689E /* OnboardingView.swift in Sources */,
				870DC09F26BDE6F4002E9A92 /* SettingsView.swift in Sources */,
				47FAA4C929EC830600DB606E /* BranchState.swift in Sources */,
				47A45FBC2969047B00573044 /* ShareService.swift in Sources */,
				877FB55726D18AA60008AB3F /* AccountService.swift in Sources */,
				877FB55426D1854E0008AB3F /* SyncService.swift in Sources */,
				47A273042A5B922D0006DD7F /* DocumentTabView.swift in Sources */,
				877FB56126D2C7D60008AB3F /* StatusService.swift in Sources */,
				1F7E4FC02521297D0045F606 /* Colors.swift in Sources */,
				EAEDCD0C2516FC1C00EBE313 /* BookView.swift in Sources */,
				4772A43B29E8656A0032D586 /* SearchWrapperView.swift in Sources */,
				87F78F7B27094A040001E159 /* BeforeYouStart.swift in Sources */,
				471E363529FD5F5C00A1958A /* FileListView.swift in Sources */,
				EA5C7D7C2516606100F7F358 /* LockbookApp.swift in Sources */,
				B249B9F2282C6241004F5300 /* FileTreeView.swift in Sources */,
				B2ED84982835508100577A1B /* DocumentService.swift in Sources */,
				4709DC39296609F100426106 /* PendingSharesView.swift in Sources */,
				870DC0A226BF378F002E9A92 /* AccountSettingsView.swift in Sources */,
				EAAA10D925B3FD58005140EE /* BottomBar.swift in Sources */,
				B249B9F5282FE566004F5300 /* DataSource.swift in Sources */,
				870DC0A426BF37C0002E9A92 /* UsageSettingsView.swift in Sources */,
				B2459BEE28DBB43100756D71 /* ColorProgressBar.swift in Sources */,
				EAF96D0D252E8ED000AA1A14 /* ConfigHelper.swift in Sources */,
				B2ADC2472833FA8200DB8D3D /* FileCell.swift in Sources */,
				877FB55A26D18EC80008AB3F /* FileService.swift in Sources */,
				6581A7EF74307EAE69426206 /* SheetState.swift in Sources */,
				4756C4DC2A57CE86002C64B1 /* NewFolderSheet.swift in Sources */,
				47B53839290EFE150012E542 /* BillingService.swift in Sources */,
				6581AC0512EDB9FBB7106020 /* MenuItems.swift in Sources */,
			);
			runOnlyForDeploymentPostprocessing = 0;
		};
/* End PBXSourcesBuildPhase section */

/* Begin PBXTargetDependency section */
		B2063A5127D01BF900A0783C /* PBXTargetDependency */ = {
			isa = PBXTargetDependency;
			target = EA5C7D762516606000F7F358 /* Lockbook (macOS) */;
			targetProxy = B2063A5027D01BF900A0783C /* PBXContainerItemProxy */;
		};
/* End PBXTargetDependency section */

/* Begin XCBuildConfiguration section */
		B2063A5327D01BF900A0783C /* Debug */ = {
			isa = XCBuildConfiguration;
			buildSettings = {
				BUNDLE_LOADER = "$(TEST_HOST)";
				CLANG_CXX_LANGUAGE_STANDARD = "gnu++17";
				CODE_SIGN_STYLE = Automatic;
				COMBINE_HIDPI_IMAGES = YES;
				CURRENT_PROJECT_VERSION = 1;
				DEAD_CODE_STRIPPING = YES;
				DEVELOPMENT_TEAM = 39ZS78S25U;
				GENERATE_INFOPLIST_FILE = YES;
				LD_RUNPATH_SEARCH_PATHS = (
					"$(inherited)",
					"@executable_path/../Frameworks",
					"@loader_path/../Frameworks",
				);
				MACOSX_DEPLOYMENT_TARGET = 12.0;
				MARKETING_VERSION = 1.0;
				PRODUCT_BUNDLE_IDENTIFIER = net.lockbook.EditorTests;
				PRODUCT_NAME = "$(TARGET_NAME)";
				SDKROOT = macosx;
				SWIFT_EMIT_LOC_STRINGS = NO;
				SWIFT_VERSION = 5.0;
				TEST_HOST = "$(BUILT_PRODUCTS_DIR)/Lockbook.app/Contents/MacOS/Lockbook";
			};
			name = Debug;
		};
		B2063A5427D01BF900A0783C /* Development */ = {
			isa = XCBuildConfiguration;
			buildSettings = {
				BUNDLE_LOADER = "$(TEST_HOST)";
				CLANG_CXX_LANGUAGE_STANDARD = "gnu++17";
				CODE_SIGN_STYLE = Automatic;
				COMBINE_HIDPI_IMAGES = YES;
				CURRENT_PROJECT_VERSION = 1;
				DEAD_CODE_STRIPPING = YES;
				DEVELOPMENT_TEAM = 39ZS78S25U;
				GENERATE_INFOPLIST_FILE = YES;
				LD_RUNPATH_SEARCH_PATHS = (
					"$(inherited)",
					"@executable_path/../Frameworks",
					"@loader_path/../Frameworks",
				);
				MACOSX_DEPLOYMENT_TARGET = 12.0;
				MARKETING_VERSION = 1.0;
				PRODUCT_BUNDLE_IDENTIFIER = net.lockbook.EditorTests;
				PRODUCT_NAME = "$(TARGET_NAME)";
				SDKROOT = macosx;
				SWIFT_EMIT_LOC_STRINGS = NO;
				SWIFT_VERSION = 5.0;
				TEST_HOST = "$(BUILT_PRODUCTS_DIR)/Lockbook.app/Contents/MacOS/Lockbook";
			};
			name = Development;
		};
		B2063A5527D01BF900A0783C /* Release */ = {
			isa = XCBuildConfiguration;
			buildSettings = {
				BUNDLE_LOADER = "$(TEST_HOST)";
				CLANG_CXX_LANGUAGE_STANDARD = "gnu++17";
				CODE_SIGN_STYLE = Automatic;
				COMBINE_HIDPI_IMAGES = YES;
				CURRENT_PROJECT_VERSION = 1;
				DEAD_CODE_STRIPPING = YES;
				DEVELOPMENT_TEAM = 39ZS78S25U;
				GENERATE_INFOPLIST_FILE = YES;
				LD_RUNPATH_SEARCH_PATHS = (
					"$(inherited)",
					"@executable_path/../Frameworks",
					"@loader_path/../Frameworks",
				);
				MACOSX_DEPLOYMENT_TARGET = 12.0;
				MARKETING_VERSION = 1.0;
				PRODUCT_BUNDLE_IDENTIFIER = net.lockbook.EditorTests;
				PRODUCT_NAME = "$(TARGET_NAME)";
				SDKROOT = macosx;
				SWIFT_EMIT_LOC_STRINGS = NO;
				SWIFT_VERSION = 5.0;
				TEST_HOST = "$(BUILT_PRODUCTS_DIR)/Lockbook.app/Contents/MacOS/Lockbook";
			};
			name = Release;
		};
		EA5C7D812516606100F7F358 /* Debug */ = {
			isa = XCBuildConfiguration;
			buildSettings = {
				ALWAYS_SEARCH_USER_PATHS = NO;
				CLANG_ANALYZER_NONNULL = YES;
				CLANG_ANALYZER_NUMBER_OBJECT_CONVERSION = YES_AGGRESSIVE;
				CLANG_CXX_LANGUAGE_STANDARD = "gnu++14";
				CLANG_CXX_LIBRARY = "libc++";
				CLANG_ENABLE_MODULES = YES;
				CLANG_ENABLE_OBJC_ARC = YES;
				CLANG_ENABLE_OBJC_WEAK = YES;
				CLANG_WARN_BLOCK_CAPTURE_AUTORELEASING = YES;
				CLANG_WARN_BOOL_CONVERSION = YES;
				CLANG_WARN_COMMA = YES;
				CLANG_WARN_CONSTANT_CONVERSION = YES;
				CLANG_WARN_DEPRECATED_OBJC_IMPLEMENTATIONS = YES;
				CLANG_WARN_DIRECT_OBJC_ISA_USAGE = YES_ERROR;
				CLANG_WARN_DOCUMENTATION_COMMENTS = YES;
				CLANG_WARN_EMPTY_BODY = YES;
				CLANG_WARN_ENUM_CONVERSION = YES;
				CLANG_WARN_INFINITE_RECURSION = YES;
				CLANG_WARN_INT_CONVERSION = YES;
				CLANG_WARN_NON_LITERAL_NULL_CONVERSION = YES;
				CLANG_WARN_OBJC_IMPLICIT_RETAIN_SELF = YES;
				CLANG_WARN_OBJC_LITERAL_CONVERSION = YES;
				CLANG_WARN_OBJC_ROOT_CLASS = YES_ERROR;
				CLANG_WARN_QUOTED_INCLUDE_IN_FRAMEWORK_HEADER = YES;
				CLANG_WARN_RANGE_LOOP_ANALYSIS = YES;
				CLANG_WARN_STRICT_PROTOTYPES = YES;
				CLANG_WARN_SUSPICIOUS_MOVE = YES;
				CLANG_WARN_UNGUARDED_AVAILABILITY = YES_AGGRESSIVE;
				CLANG_WARN_UNREACHABLE_CODE = YES;
				CLANG_WARN__DUPLICATE_METHOD_MATCH = YES;
				COPY_PHASE_STRIP = NO;
				DEAD_CODE_STRIPPING = YES;
				DEBUG_INFORMATION_FORMAT = dwarf;
				ENABLE_STRICT_OBJC_MSGSEND = YES;
				ENABLE_TESTABILITY = YES;
				GCC_C_LANGUAGE_STANDARD = gnu11;
				GCC_DYNAMIC_NO_PIC = NO;
				GCC_NO_COMMON_BLOCKS = YES;
				GCC_OPTIMIZATION_LEVEL = 0;
				GCC_PREPROCESSOR_DEFINITIONS = (
					"DEBUG=1",
					"$(inherited)",
				);
				GCC_WARN_64_TO_32_BIT_CONVERSION = YES;
				GCC_WARN_ABOUT_RETURN_TYPE = YES_ERROR;
				GCC_WARN_UNDECLARED_SELECTOR = YES;
				GCC_WARN_UNINITIALIZED_AUTOS = YES_AGGRESSIVE;
				GCC_WARN_UNUSED_FUNCTION = YES;
				GCC_WARN_UNUSED_VARIABLE = YES;
				MTL_ENABLE_DEBUG_INFO = INCLUDE_SOURCE;
				MTL_FAST_MATH = YES;
				ONLY_ACTIVE_ARCH = YES;
				SWIFT_ACTIVE_COMPILATION_CONDITIONS = DEBUG;
				SWIFT_OPTIMIZATION_LEVEL = "-Onone";
			};
			name = Debug;
		};
		EA5C7D822516606100F7F358 /* Release */ = {
			isa = XCBuildConfiguration;
			baseConfigurationReference = EAF96D12252E8F3000AA1A14 /* Production.xcconfig */;
			buildSettings = {
				ALWAYS_SEARCH_USER_PATHS = NO;
				CLANG_ANALYZER_NONNULL = YES;
				CLANG_ANALYZER_NUMBER_OBJECT_CONVERSION = YES_AGGRESSIVE;
				CLANG_CXX_LANGUAGE_STANDARD = "gnu++14";
				CLANG_CXX_LIBRARY = "libc++";
				CLANG_ENABLE_MODULES = YES;
				CLANG_ENABLE_OBJC_ARC = YES;
				CLANG_ENABLE_OBJC_WEAK = YES;
				CLANG_WARN_BLOCK_CAPTURE_AUTORELEASING = YES;
				CLANG_WARN_BOOL_CONVERSION = YES;
				CLANG_WARN_COMMA = YES;
				CLANG_WARN_CONSTANT_CONVERSION = YES;
				CLANG_WARN_DEPRECATED_OBJC_IMPLEMENTATIONS = YES;
				CLANG_WARN_DIRECT_OBJC_ISA_USAGE = YES_ERROR;
				CLANG_WARN_DOCUMENTATION_COMMENTS = YES;
				CLANG_WARN_EMPTY_BODY = YES;
				CLANG_WARN_ENUM_CONVERSION = YES;
				CLANG_WARN_INFINITE_RECURSION = YES;
				CLANG_WARN_INT_CONVERSION = YES;
				CLANG_WARN_NON_LITERAL_NULL_CONVERSION = YES;
				CLANG_WARN_OBJC_IMPLICIT_RETAIN_SELF = YES;
				CLANG_WARN_OBJC_LITERAL_CONVERSION = YES;
				CLANG_WARN_OBJC_ROOT_CLASS = YES_ERROR;
				CLANG_WARN_QUOTED_INCLUDE_IN_FRAMEWORK_HEADER = YES;
				CLANG_WARN_RANGE_LOOP_ANALYSIS = YES;
				CLANG_WARN_STRICT_PROTOTYPES = YES;
				CLANG_WARN_SUSPICIOUS_MOVE = YES;
				CLANG_WARN_UNGUARDED_AVAILABILITY = YES_AGGRESSIVE;
				CLANG_WARN_UNREACHABLE_CODE = YES;
				CLANG_WARN__DUPLICATE_METHOD_MATCH = YES;
				COPY_PHASE_STRIP = NO;
				DEAD_CODE_STRIPPING = YES;
				DEBUG_INFORMATION_FORMAT = "dwarf-with-dsym";
				ENABLE_NS_ASSERTIONS = NO;
				ENABLE_STRICT_OBJC_MSGSEND = YES;
				GCC_C_LANGUAGE_STANDARD = gnu11;
				GCC_NO_COMMON_BLOCKS = YES;
				GCC_WARN_64_TO_32_BIT_CONVERSION = YES;
				GCC_WARN_ABOUT_RETURN_TYPE = YES_ERROR;
				GCC_WARN_UNDECLARED_SELECTOR = YES;
				GCC_WARN_UNINITIALIZED_AUTOS = YES_AGGRESSIVE;
				GCC_WARN_UNUSED_FUNCTION = YES;
				GCC_WARN_UNUSED_VARIABLE = YES;
				MTL_ENABLE_DEBUG_INFO = NO;
				MTL_FAST_MATH = YES;
				SWIFT_COMPILATION_MODE = wholemodule;
				SWIFT_OPTIMIZATION_LEVEL = "-O";
			};
			name = Release;
		};
		EA5C7D842516606100F7F358 /* Debug */ = {
			isa = XCBuildConfiguration;
			buildSettings = {
				ASSETCATALOG_COMPILER_APPICON_NAME = IOSAppIcon;
				ASSETCATALOG_COMPILER_GLOBAL_ACCENT_COLOR_NAME = AccentColor;
				CODE_SIGN_ENTITLEMENTS = "Lockbook (iOS).entitlements";
				CODE_SIGN_STYLE = Automatic;
				CURRENT_PROJECT_VERSION = 1;
				DEVELOPMENT_TEAM = 39ZS78S25U;
				ENABLE_PREVIEWS = YES;
				INFOPLIST_FILE = iOS/Info.plist;
				INFOPLIST_KEY_CFBundleDisplayName = Lockbook;
				INFOPLIST_KEY_LSApplicationCategoryType = "public.app-category.productivity";
				IPHONEOS_DEPLOYMENT_TARGET = 16.0;
				LD_RUNPATH_SEARCH_PATHS = (
					"$(inherited)",
					"@executable_path/Frameworks",
				);
				LIBRARY_SEARCH_PATHS = "${PROJECT_DIR}/CLockbookCore/Sources/CLockbookCore/lib_ios";
				"LIBRARY_SEARCH_PATHS[sdk=iphonesimulator*]" = "${PROJECT_DIR}/CLockbookCore/Sources/CLockbookCore/lib_ios_sim";
				MARKETING_VERSION = 0.5.10;
				PRODUCT_BUNDLE_IDENTIFIER = app.lockbook;
				PRODUCT_NAME = Lockbook;
				SDKROOT = iphoneos;
				SWIFT_VERSION = 5.0;
				TARGETED_DEVICE_FAMILY = "1,2";
			};
			name = Debug;
		};
		EA5C7D852516606100F7F358 /* Release */ = {
			isa = XCBuildConfiguration;
			buildSettings = {
				ASSETCATALOG_COMPILER_APPICON_NAME = IOSAppIcon;
				ASSETCATALOG_COMPILER_GLOBAL_ACCENT_COLOR_NAME = AccentColor;
				CODE_SIGN_ENTITLEMENTS = "Lockbook (iOS).entitlements";
				CODE_SIGN_STYLE = Automatic;
				CURRENT_PROJECT_VERSION = 1;
				DEVELOPMENT_TEAM = 39ZS78S25U;
				ENABLE_PREVIEWS = YES;
				INFOPLIST_FILE = iOS/Info.plist;
				INFOPLIST_KEY_CFBundleDisplayName = Lockbook;
				INFOPLIST_KEY_LSApplicationCategoryType = "public.app-category.productivity";
				IPHONEOS_DEPLOYMENT_TARGET = 16.0;
				LD_RUNPATH_SEARCH_PATHS = (
					"$(inherited)",
					"@executable_path/Frameworks",
				);
				LIBRARY_SEARCH_PATHS = "${PROJECT_DIR}/CLockbookCore/Sources/CLockbookCore/lib_ios";
				MARKETING_VERSION = 0.5.10;
				PRODUCT_BUNDLE_IDENTIFIER = app.lockbook;
				PRODUCT_NAME = Lockbook;
				SDKROOT = iphoneos;
				SWIFT_VERSION = 5.0;
				TARGETED_DEVICE_FAMILY = "1,2";
				VALIDATE_PRODUCT = YES;
			};
			name = Release;
		};
		EA5C7D872516606100F7F358 /* Debug */ = {
			isa = XCBuildConfiguration;
			buildSettings = {
				ARCHS = "$(ARCHS_STANDARD)";
				ASSETCATALOG_COMPILER_APPICON_NAME = AppIcon;
				ASSETCATALOG_COMPILER_GLOBAL_ACCENT_COLOR_NAME = AccentColor;
				CODE_SIGN_ENTITLEMENTS = macOS/macOS.entitlements;
				CODE_SIGN_IDENTITY = "-";
				CODE_SIGN_STYLE = Automatic;
				COMBINE_HIDPI_IMAGES = YES;
				CURRENT_PROJECT_VERSION = 2;
				DEAD_CODE_STRIPPING = YES;
				DEVELOPMENT_TEAM = 39ZS78S25U;
				ENABLE_HARDENED_RUNTIME = YES;
				ENABLE_PREVIEWS = YES;
				INFOPLIST_FILE = macOS/Info.plist;
				INFOPLIST_KEY_CFBundleDisplayName = Lockbook;
				INFOPLIST_KEY_LSApplicationCategoryType = "public.app-category.productivity";
				LD_RUNPATH_SEARCH_PATHS = (
					"$(inherited)",
					"@executable_path/../Frameworks",
				);
				LIBRARY_SEARCH_PATHS = "${PROJECT_DIR}/CLockbookCore/Sources/CLockbookCore/lib";
				MACOSX_DEPLOYMENT_TARGET = 13.0;
				MARKETING_VERSION = 0.5.10;
				PRODUCT_BUNDLE_IDENTIFIER = app.lockbook;
				PRODUCT_NAME = Lockbook;
				SDKROOT = macosx;
				SWIFT_VERSION = 5.0;
			};
			name = Debug;
		};
		EA5C7D882516606100F7F358 /* Release */ = {
			isa = XCBuildConfiguration;
			buildSettings = {
				ARCHS = "$(ARCHS_STANDARD)";
				ASSETCATALOG_COMPILER_APPICON_NAME = AppIcon;
				ASSETCATALOG_COMPILER_GLOBAL_ACCENT_COLOR_NAME = AccentColor;
				CODE_SIGN_ENTITLEMENTS = "Lockbook (macOS)Release.entitlements";
				CODE_SIGN_IDENTITY = "-";
				CODE_SIGN_STYLE = Automatic;
				COMBINE_HIDPI_IMAGES = YES;
				CURRENT_PROJECT_VERSION = 2;
				DEAD_CODE_STRIPPING = YES;
				DEVELOPMENT_TEAM = 39ZS78S25U;
				ENABLE_HARDENED_RUNTIME = YES;
				ENABLE_PREVIEWS = YES;
				GCC_OPTIMIZATION_LEVEL = fast;
				INFOPLIST_FILE = macOS/Info.plist;
				INFOPLIST_KEY_CFBundleDisplayName = Lockbook;
				INFOPLIST_KEY_LSApplicationCategoryType = "public.app-category.productivity";
				LD_RUNPATH_SEARCH_PATHS = (
					"$(inherited)",
					"@executable_path/../Frameworks",
				);
				LIBRARY_SEARCH_PATHS = "${PROJECT_DIR}/CLockbookCore/Sources/CLockbookCore/lib";
				MACOSX_DEPLOYMENT_TARGET = 13.0;
				MARKETING_VERSION = 0.5.10;
				PRODUCT_BUNDLE_IDENTIFIER = app.lockbook;
				PRODUCT_NAME = Lockbook;
				SDKROOT = macosx;
				SWIFT_OPTIMIZATION_LEVEL = "-O";
				SWIFT_VERSION = 5.0;
			};
			name = Release;
		};
		EADA115E25336B97005F69DB /* Development */ = {
			isa = XCBuildConfiguration;
			baseConfigurationReference = EADA116125336BA1005F69DB /* Development.xcconfig */;
			buildSettings = {
				ALWAYS_SEARCH_USER_PATHS = NO;
				CLANG_ANALYZER_NONNULL = YES;
				CLANG_ANALYZER_NUMBER_OBJECT_CONVERSION = YES_AGGRESSIVE;
				CLANG_CXX_LANGUAGE_STANDARD = "gnu++14";
				CLANG_CXX_LIBRARY = "libc++";
				CLANG_ENABLE_MODULES = YES;
				CLANG_ENABLE_OBJC_ARC = YES;
				CLANG_ENABLE_OBJC_WEAK = YES;
				CLANG_WARN_BLOCK_CAPTURE_AUTORELEASING = YES;
				CLANG_WARN_BOOL_CONVERSION = YES;
				CLANG_WARN_COMMA = YES;
				CLANG_WARN_CONSTANT_CONVERSION = YES;
				CLANG_WARN_DEPRECATED_OBJC_IMPLEMENTATIONS = YES;
				CLANG_WARN_DIRECT_OBJC_ISA_USAGE = YES_ERROR;
				CLANG_WARN_DOCUMENTATION_COMMENTS = YES;
				CLANG_WARN_EMPTY_BODY = YES;
				CLANG_WARN_ENUM_CONVERSION = YES;
				CLANG_WARN_INFINITE_RECURSION = YES;
				CLANG_WARN_INT_CONVERSION = YES;
				CLANG_WARN_NON_LITERAL_NULL_CONVERSION = YES;
				CLANG_WARN_OBJC_IMPLICIT_RETAIN_SELF = YES;
				CLANG_WARN_OBJC_LITERAL_CONVERSION = YES;
				CLANG_WARN_OBJC_ROOT_CLASS = YES_ERROR;
				CLANG_WARN_QUOTED_INCLUDE_IN_FRAMEWORK_HEADER = YES;
				CLANG_WARN_RANGE_LOOP_ANALYSIS = YES;
				CLANG_WARN_STRICT_PROTOTYPES = YES;
				CLANG_WARN_SUSPICIOUS_MOVE = YES;
				CLANG_WARN_UNGUARDED_AVAILABILITY = YES_AGGRESSIVE;
				CLANG_WARN_UNREACHABLE_CODE = YES;
				CLANG_WARN__DUPLICATE_METHOD_MATCH = YES;
				COPY_PHASE_STRIP = NO;
				DEAD_CODE_STRIPPING = YES;
				DEBUG_INFORMATION_FORMAT = dwarf;
				ENABLE_STRICT_OBJC_MSGSEND = YES;
				ENABLE_TESTABILITY = YES;
				GCC_C_LANGUAGE_STANDARD = gnu11;
				GCC_DYNAMIC_NO_PIC = NO;
				GCC_NO_COMMON_BLOCKS = YES;
				GCC_OPTIMIZATION_LEVEL = 0;
				GCC_PREPROCESSOR_DEFINITIONS = (
					"DEBUG=1",
					"$(inherited)",
				);
				GCC_WARN_64_TO_32_BIT_CONVERSION = YES;
				GCC_WARN_ABOUT_RETURN_TYPE = YES_ERROR;
				GCC_WARN_UNDECLARED_SELECTOR = YES;
				GCC_WARN_UNINITIALIZED_AUTOS = YES_AGGRESSIVE;
				GCC_WARN_UNUSED_FUNCTION = YES;
				GCC_WARN_UNUSED_VARIABLE = YES;
				MTL_ENABLE_DEBUG_INFO = INCLUDE_SOURCE;
				MTL_FAST_MATH = YES;
				ONLY_ACTIVE_ARCH = YES;
				SWIFT_ACTIVE_COMPILATION_CONDITIONS = DEBUG;
				SWIFT_OPTIMIZATION_LEVEL = "-Onone";
			};
			name = Development;
		};
		EADA115F25336B97005F69DB /* Development */ = {
			isa = XCBuildConfiguration;
			buildSettings = {
				ASSETCATALOG_COMPILER_APPICON_NAME = IOSAppIcon;
				ASSETCATALOG_COMPILER_GLOBAL_ACCENT_COLOR_NAME = AccentColor;
				CODE_SIGN_ENTITLEMENTS = "Lockbook (iOS).entitlements";
				CODE_SIGN_STYLE = Automatic;
				CURRENT_PROJECT_VERSION = 1;
				DEVELOPMENT_TEAM = 39ZS78S25U;
				ENABLE_PREVIEWS = YES;
				INFOPLIST_FILE = iOS/Info.plist;
				INFOPLIST_KEY_CFBundleDisplayName = Lockbook;
				INFOPLIST_KEY_LSApplicationCategoryType = "public.app-category.productivity";
				IPHONEOS_DEPLOYMENT_TARGET = 16.0;
				LD_RUNPATH_SEARCH_PATHS = (
					"$(inherited)",
					"@executable_path/Frameworks",
				);
				LIBRARY_SEARCH_PATHS = "${PROJECT_DIR}/CLockbookCore/Sources/CLockbookCore/lib_ios";
				"LIBRARY_SEARCH_PATHS[sdk=iphonesimulator*]" = "${PROJECT_DIR}/CLockbookCore/Sources/CLockbookCore/lib_ios_sim";
				MARKETING_VERSION = 0.5.10;
				PRODUCT_BUNDLE_IDENTIFIER = app.lockbook;
				PRODUCT_NAME = Lockbook;
				SDKROOT = iphoneos;
				SWIFT_VERSION = 5.0;
				TARGETED_DEVICE_FAMILY = "1,2";
			};
			name = Development;
		};
		EADA116025336B97005F69DB /* Development */ = {
			isa = XCBuildConfiguration;
			buildSettings = {
				ARCHS = "$(ARCHS_STANDARD)";
				ASSETCATALOG_COMPILER_APPICON_NAME = AppIcon;
				ASSETCATALOG_COMPILER_GLOBAL_ACCENT_COLOR_NAME = AccentColor;
				CODE_SIGN_ENTITLEMENTS = "Lockbook (macOS)Development.entitlements";
				CODE_SIGN_IDENTITY = "-";
				"CODE_SIGN_IDENTITY[sdk=macosx*]" = "-";
				CODE_SIGN_STYLE = Automatic;
				COMBINE_HIDPI_IMAGES = YES;
				CURRENT_PROJECT_VERSION = 2;
				DEAD_CODE_STRIPPING = YES;
				DEVELOPMENT_TEAM = 39ZS78S25U;
				ENABLE_HARDENED_RUNTIME = YES;
				ENABLE_PREVIEWS = YES;
				INFOPLIST_FILE = macOS/Info.plist;
				INFOPLIST_KEY_CFBundleDisplayName = Lockbook;
				INFOPLIST_KEY_LSApplicationCategoryType = "public.app-category.productivity";
				LD_RUNPATH_SEARCH_PATHS = (
					"$(inherited)",
					"@executable_path/../Frameworks",
				);
				LIBRARY_SEARCH_PATHS = "${PROJECT_DIR}/CLockbookCore/Sources/CLockbookCore/lib";
				MACOSX_DEPLOYMENT_TARGET = 13.0;
				MARKETING_VERSION = 0.5.10;
				PRODUCT_BUNDLE_IDENTIFIER = app.lockbook;
				PRODUCT_NAME = Lockbook;
				SDKROOT = macosx;
				SWIFT_VERSION = 5.0;
			};
			name = Development;
		};
/* End XCBuildConfiguration section */

/* Begin XCConfigurationList section */
		B2063A5227D01BF900A0783C /* Build configuration list for PBXNativeTarget "EditorTests" */ = {
			isa = XCConfigurationList;
			buildConfigurations = (
				B2063A5327D01BF900A0783C /* Debug */,
				B2063A5427D01BF900A0783C /* Development */,
				B2063A5527D01BF900A0783C /* Release */,
			);
			defaultConfigurationIsVisible = 0;
			defaultConfigurationName = Release;
		};
		EA5C7D662516605F00F7F358 /* Build configuration list for PBXProject "Lockbook" */ = {
			isa = XCConfigurationList;
			buildConfigurations = (
				EA5C7D812516606100F7F358 /* Debug */,
				EADA115E25336B97005F69DB /* Development */,
				EA5C7D822516606100F7F358 /* Release */,
			);
			defaultConfigurationIsVisible = 0;
			defaultConfigurationName = Release;
		};
		EA5C7D832516606100F7F358 /* Build configuration list for PBXNativeTarget "Lockbook (iOS)" */ = {
			isa = XCConfigurationList;
			buildConfigurations = (
				EA5C7D842516606100F7F358 /* Debug */,
				EADA115F25336B97005F69DB /* Development */,
				EA5C7D852516606100F7F358 /* Release */,
			);
			defaultConfigurationIsVisible = 0;
			defaultConfigurationName = Release;
		};
		EA5C7D862516606100F7F358 /* Build configuration list for PBXNativeTarget "Lockbook (macOS)" */ = {
			isa = XCConfigurationList;
			buildConfigurations = (
				EA5C7D872516606100F7F358 /* Debug */,
				EADA116025336B97005F69DB /* Development */,
				EA5C7D882516606100F7F358 /* Release */,
			);
			defaultConfigurationIsVisible = 0;
			defaultConfigurationName = Release;
		};
/* End XCConfigurationList section */

/* Begin XCRemoteSwiftPackageReference section */
		47159F4429CFA05B00969DDF /* XCRemoteSwiftPackageReference "DSFQuickActionBar" */ = {
			isa = XCRemoteSwiftPackageReference;
			repositoryURL = "https://github.com/SmailBarkouch/DSFQuickActionBar";
			requirement = {
				branch = main;
				kind = branch;
			};
		};
		47B041F12905BFB100A02DA7 /* XCRemoteSwiftPackageReference "AlertToast" */ = {
			isa = XCRemoteSwiftPackageReference;
			repositoryURL = "https://github.com/elai950/AlertToast";
			requirement = {
				branch = master;
				kind = branch;
			};
		};
		8794F43627D9525200B1B7EB /* XCRemoteSwiftPackageReference "Down" */ = {
			isa = XCRemoteSwiftPackageReference;
			repositoryURL = "https://github.com/Parth/Down";
			requirement = {
				kind = revision;
				revision = bc7f15eefdc44612da63b349082794d880fd039a;
			};
		};
		EA82B20A262652F600EE82B9 /* XCRemoteSwiftPackageReference "SwiftUI-Introspect" */ = {
			isa = XCRemoteSwiftPackageReference;
			repositoryURL = "https://github.com/siteline/SwiftUI-Introspect.git";
			requirement = {
				kind = upToNextMajorVersion;
				minimumVersion = 0.1.3;
			};
		};
/* End XCRemoteSwiftPackageReference section */

/* Begin XCSwiftPackageProductDependency section */
		47159F4529CFA05B00969DDF /* DSFQuickActionBar */ = {
			isa = XCSwiftPackageProductDependency;
			package = 47159F4429CFA05B00969DDF /* XCRemoteSwiftPackageReference "DSFQuickActionBar" */;
			productName = DSFQuickActionBar;
		};
		47B041F22905BFB100A02DA7 /* AlertToast */ = {
			isa = XCSwiftPackageProductDependency;
			package = 47B041F12905BFB100A02DA7 /* XCRemoteSwiftPackageReference "AlertToast" */;
			productName = AlertToast;
		};
		47B041F42905BFF100A02DA7 /* AlertToast */ = {
			isa = XCSwiftPackageProductDependency;
			package = 47B041F12905BFB100A02DA7 /* XCRemoteSwiftPackageReference "AlertToast" */;
			productName = AlertToast;
		};
		B217A97529661F3A002339E0 /* SwiftEditor */ = {
			isa = XCSwiftPackageProductDependency;
			productName = SwiftEditor;
		};
		B2ADC2482835451000DB8D3D /* Introspect */ = {
			isa = XCSwiftPackageProductDependency;
			package = EA82B20A262652F600EE82B9 /* XCRemoteSwiftPackageReference "SwiftUI-Introspect" */;
			productName = Introspect;
		};
		B2FB627329AD672900F576A2 /* SwiftEditor */ = {
			isa = XCSwiftPackageProductDependency;
			productName = SwiftEditor;
		};
		EA14E81E2516655B00B9158C /* SwiftLockbookCore */ = {
			isa = XCSwiftPackageProductDependency;
			productName = SwiftLockbookCore;
		};
		EA82B20B262652F700EE82B9 /* Introspect */ = {
			isa = XCSwiftPackageProductDependency;
			package = EA82B20A262652F600EE82B9 /* XCRemoteSwiftPackageReference "SwiftUI-Introspect" */;
			productName = Introspect;
		};
		EA8C627B25EF091900330E27 /* SwiftLockbookCore */ = {
			isa = XCSwiftPackageProductDependency;
			productName = SwiftLockbookCore;
		};
/* End XCSwiftPackageProductDependency section */
	};
	rootObject = EA5C7D632516605F00F7F358 /* Project object */;
}
