{
  "pins" : [
    {
      "identity" : "alerttoast",
      "kind" : "remoteSourceControl",
      "location" : "https://github.com/elai950/AlertToast",
      "state" : {
        "branch" : "master",
        "revision" : "76a1c1793cd3443001c20c6033beb84453b25d9f"
      }
    },
    {
      "identity" : "dsfappearancemanager",
      "kind" : "remoteSourceControl",
      "location" : "https://github.com/dagronf/DSFAppearanceManager",
      "state" : {
        "revision" : "415373c9d11f945bbd26ca2bb02664048c632720",
        "version" : "3.7.0"
      }
    },
    {
      "identity" : "dsfquickactionbar",
      "kind" : "remoteSourceControl",
      "location" : "https://github.com/SmailBarkouch/DSFQuickActionBar",
      "state" : {
        "branch" : "main",
        "revision" : "c2d75bda34a2c629ee5edd0a0c93618c31b4f6eb"
      }
    },
    {
      "identity" : "swiftui-introspect",
      "kind" : "remoteSourceControl",
      "location" : "https://github.com/siteline/SwiftUI-Introspect.git",
      "state" : {
        "revision" : "121c146fe591b1320238d054ae35c81ffa45f45a",
        "version" : "0.12.0"
      }
    }
  ],
  "version" : 2
}
