{
  "originHash" : "c782a9c80ad3d0a6879a1ba98fb400255cbd851286026b3c0bbec0d8432559c7",
  "pins" : [
    {
      "identity" : "codescanner",
      "kind" : "remoteSourceControl",
      "location" : "https://github.com/twostraws/CodeScanner",
      "state" : {
        "revision" : "5e886430238944c7200fc9e10dbf2d9550dba865",
        "version" : "2.5.2"
      }
    }
  ],
  "version" : 3
}
